{
  "version": 4,
  "terraform_version": "0.12.26",
  "serial": 465,
  "lineage": "4e6ed7e5-7abc-20bf-932d-c98ba95a3ad1",
  "outputs": {},
  "resources": [
    {
      "mode": "data",
      "type": "template_file",
      "name": "fmcday0file",
      "provider": "provider.template",
      "instances": [
        {
          "schema_version": 0,
          "attributes": {
            "filename": null,
            "id": "34795b81d052077e0a56f8be07982a893d6980d622b39a559a4411dfd003d7e3",
            "rendered": "{\n    \"EULA\": \"accept\",\n    \"Hostname\": \"FMC-Production\",\n    \"AdminPassword\": \"M@dhuri123\"\n}",
            "template": "{\n    \"EULA\": \"accept\",\n    \"Hostname\": \"FMC-Production\",\n    \"AdminPassword\": \"M@dhuri123\"\n}",
            "vars": null
          }
        }
      ]
    },
    {
      "mode": "data",
      "type": "template_file",
      "name": "ftdday0file",
      "provider": "provider.template",
      "instances": [
        {
          "schema_version": 0,
          "attributes": {
            "filename": null,
            "id": "a52c509ef169f3add1fe35711a0eda1dce047af22962b739ae3389a48b598678",
            "rendered": "{\n  \"EULA\": \"accept\",\n  \"AdminPassword\": \"M@dhuri123\",\n  \"Hostname\": \"DEVWKS3050\",\n  \"FmcIp\": \"10.121.10.4\",\n  \"FmcRegKey\":\"12345\",\n  \"FirewallMode\": \"routed\",\n  \"ManageLocally\":\"No\"\n}",
            "template": "{\n  \"EULA\": \"accept\",\n  \"AdminPassword\": \"M@dhuri123\",\n  \"Hostname\": \"DEVWKS3050\",\n  \"FmcIp\": \"10.121.10.4\",\n  \"FmcRegKey\":\"12345\",\n  \"FirewallMode\": \"routed\",\n  \"ManageLocally\":\"No\"\n}",
            "vars": null
          }
        }
      ]
    },
    {
      "mode": "managed",
      "type": "azurerm_linux_virtual_machine",
      "name": "fmc",
      "provider": "provider.azurerm",
      "instances": [
        {
          "schema_version": 0,
          "attributes": {
            "additional_capabilities": [],
            "admin_password": "Admin123",
            "admin_ssh_key": [
              {
                "public_key": "ssh-rsa AAAAB3NzaC1yc2EAAAADAQABAAACAQD1qd9H+53HNSqZWq7gijTipzro7Z+/CTWBgwzTlJxijzp++SiDv6fxcz8lf8p5DLb/ObmznXW5JtXkV/XyvWmXoj/7bdAEvxAcvNj9KbvEshE7g5fsX/U+npCyjugy1T0J2uqFp5Vm0PfLEuLyh5zkNgqiNHQndjm93LnpNJfpKImgnIV1SWgz/HZXq/gFdOr65sqcXHiNEPRzgKrmWmgmn+/errc1DYoe+I+sMF3W/6T3SIArTnD/2j9NfdVaGPMW3cTg/kp+3a6+MCanqG4dQxRsNGvpC3LtSeKArPMQq3i2ta1CUKs1QloHQeh7v/pJWRon1gIh2rul51YhLISmT9kivvMat9tVeUBxSbRDlN1kn/B+L1p6/GVn7QLRVrvdBaKISC3ljxLxeveqcbAqmobrY/ScdiXFOlZwYlOJdYxSsv40gYJ2ai4Kpz6m7k7frDg0MolaCAwqcs+MbDTYVz/zZw/7Ab6VN0bW0LUuLdI1/gXtDTW0kuBAnQ/AHaWdSQRGY2BghOznorTwhVzdi/MySSBoW0PotuK4Oxmfe+9OvIxXOnyQxa2aR+N7e4lFgkv0TAGbnzGeSaSJrN4BtyPAw07AyHS0mYZenUH4/Z8II3+LBeXiw6NWSGU1aZGtK2P8t3WgX2A7DB6Rqx2v5RT+T01VVQD+08aS5V5mZQ==\n",
                "username": "adminuser"
              }
            ],
            "admin_username": "adminuser",
            "allow_extension_operations": true,
            "availability_set_id": "",
            "boot_diagnostics": [],
            "computer_name": "vm-fmc",
            "custom_data": "ewogICAgIkVVTEEiOiAiYWNjZXB0IiwKICAgICJIb3N0bmFtZSI6ICJGTUMtUHJvZHVjdGlvbiIsCiAgICAiQWRtaW5QYXNzd29yZCI6ICJNQGRodXJpMTIzIgp9",
            "dedicated_host_id": "",
            "disable_password_authentication": false,
            "encryption_at_host_enabled": false,
            "eviction_policy": "",
            "extensions_time_budget": "PT1H30M",
            "id": "/subscriptions/60c7e748-af46-4ad0-bcdf-0c518aa20c9c/resourceGroups/rg-devwks3050/providers/Microsoft.Compute/virtualMachines/fmc-devwks3050",
            "identity": [],
            "license_type": "",
            "location": "eastus",
            "max_bid_price": -1,
            "name": "fmc-devwks3050",
            "network_interface_ids": [
              "/subscriptions/60c7e748-af46-4ad0-bcdf-0c518aa20c9c/resourceGroups/rg-devwks3050/providers/Microsoft.Network/networkInterfaces/nic-mgmt-fmc-devwks3050"
            ],
            "os_disk": [
              {
                "caching": "ReadWrite",
                "diff_disk_settings": [],
                "disk_encryption_set_id": "",
                "disk_size_gb": 250,
                "name": "disk-fmc-devwks3050",
                "storage_account_type": "Standard_LRS",
                "write_accelerator_enabled": false
              }
            ],
            "plan": [
              {
                "name": "fmcv-azure-byol",
                "product": "cisco-fmcv",
                "publisher": "cisco"
              }
            ],
            "platform_fault_domain": -1,
            "priority": "Regular",
            "private_ip_address": "10.121.10.4",
            "private_ip_addresses": [
              "10.121.10.4"
            ],
            "provision_vm_agent": true,
            "proximity_placement_group_id": "",
            "public_ip_address": "104.211.40.181",
            "public_ip_addresses": [
              "104.211.40.181"
            ],
            "resource_group_name": "rg-devwks3050",
            "secret": [],
            "size": "Standard_D4_v2",
            "source_image_id": "",
            "source_image_reference": [
              {
                "offer": "cisco-fmcv",
                "publisher": "cisco",
                "sku": "fmcv-azure-byol",
                "version": "71090.0.0"
              }
            ],
            "tags": null,
            "timeouts": null,
            "virtual_machine_id": "59b9bb7a-985e-4d65-bfd5-efbf28f991ee",
            "virtual_machine_scale_set_id": "",
            "zone": ""
          },
          "private": "eyJlMmJmYjczMC1lY2FhLTExZTYtOGY4OC0zNDM2M2JjN2M0YzAiOnsiY3JlYXRlIjoyNzAwMDAwMDAwMDAwLCJkZWxldGUiOjI3MDAwMDAwMDAwMDAsInJlYWQiOjMwMDAwMDAwMDAwMCwidXBkYXRlIjoyNzAwMDAwMDAwMDAwfX0=",
          "dependencies": [
            "azurerm_network_interface.nicmgmtfmc",
            "azurerm_resource_group.rg",
            "tls_private_key.common"
          ]
        }
      ]
    },
    {
      "mode": "managed",
      "type": "azurerm_linux_virtual_machine",
      "name": "ftd",
      "provider": "provider.azurerm",
      "instances": [
        {
          "schema_version": 0,
          "attributes": {
            "additional_capabilities": [],
            "admin_password": "Admin123",
            "admin_ssh_key": [
              {
                "public_key": "ssh-rsa AAAAB3NzaC1yc2EAAAADAQABAAACAQD1qd9H+53HNSqZWq7gijTipzro7Z+/CTWBgwzTlJxijzp++SiDv6fxcz8lf8p5DLb/ObmznXW5JtXkV/XyvWmXoj/7bdAEvxAcvNj9KbvEshE7g5fsX/U+npCyjugy1T0J2uqFp5Vm0PfLEuLyh5zkNgqiNHQndjm93LnpNJfpKImgnIV1SWgz/HZXq/gFdOr65sqcXHiNEPRzgKrmWmgmn+/errc1DYoe+I+sMF3W/6T3SIArTnD/2j9NfdVaGPMW3cTg/kp+3a6+MCanqG4dQxRsNGvpC3LtSeKArPMQq3i2ta1CUKs1QloHQeh7v/pJWRon1gIh2rul51YhLISmT9kivvMat9tVeUBxSbRDlN1kn/B+L1p6/GVn7QLRVrvdBaKISC3ljxLxeveqcbAqmobrY/ScdiXFOlZwYlOJdYxSsv40gYJ2ai4Kpz6m7k7frDg0MolaCAwqcs+MbDTYVz/zZw/7Ab6VN0bW0LUuLdI1/gXtDTW0kuBAnQ/AHaWdSQRGY2BghOznorTwhVzdi/MySSBoW0PotuK4Oxmfe+9OvIxXOnyQxa2aR+N7e4lFgkv0TAGbnzGeSaSJrN4BtyPAw07AyHS0mYZenUH4/Z8II3+LBeXiw6NWSGU1aZGtK2P8t3WgX2A7DB6Rqx2v5RT+T01VVQD+08aS5V5mZQ==\n",
                "username": "adminuser"
              }
            ],
            "admin_username": "adminuser",
            "allow_extension_operations": true,
            "availability_set_id": "",
            "boot_diagnostics": [],
            "computer_name": "vm-ftd",
            "custom_data": "ewogICJFVUxBIjogImFjY2VwdCIsCiAgIkFkbWluUGFzc3dvcmQiOiAiTUBkaHVyaTEyMyIsCiAgIkhvc3RuYW1lIjogIkRFVldLUzMwNTAiLAogICJGbWNJcCI6ICIxMC4xMjEuMTAuNCIsCiAgIkZtY1JlZ0tleSI6IjEyMzQ1IiwKICAiRmlyZXdhbGxNb2RlIjogInJvdXRlZCIsCiAgIk1hbmFnZUxvY2FsbHkiOiJObyIKfQ==",
            "dedicated_host_id": "",
            "disable_password_authentication": false,
            "encryption_at_host_enabled": false,
            "eviction_policy": "",
            "extensions_time_budget": "PT1H30M",
            "id": "/subscriptions/60c7e748-af46-4ad0-bcdf-0c518aa20c9c/resourceGroups/rg-devwks3050/providers/Microsoft.Compute/virtualMachines/ftd-devwks3050",
            "identity": [],
            "license_type": "",
            "location": "eastus",
            "max_bid_price": -1,
            "name": "ftd-devwks3050",
            "network_interface_ids": [
              "/subscriptions/60c7e748-af46-4ad0-bcdf-0c518aa20c9c/resourceGroups/rg-devwks3050/providers/Microsoft.Network/networkInterfaces/nic-mgmt-ftd--devwks3050",
              "/subscriptions/60c7e748-af46-4ad0-bcdf-0c518aa20c9c/resourceGroups/rg-devwks3050/providers/Microsoft.Network/networkInterfaces/nic-diag-ftd--devwks3050",
              "/subscriptions/60c7e748-af46-4ad0-bcdf-0c518aa20c9c/resourceGroups/rg-devwks3050/providers/Microsoft.Network/networkInterfaces/nic-inside-ftd--devwks3050",
              "/subscriptions/60c7e748-af46-4ad0-bcdf-0c518aa20c9c/resourceGroups/rg-devwks3050/providers/Microsoft.Network/networkInterfaces/nic-outside-ftd--devwks3050"
            ],
            "os_disk": [
              {
                "caching": "ReadWrite",
                "diff_disk_settings": [],
                "disk_encryption_set_id": "",
                "disk_size_gb": 49,
                "name": "disk-ftd-devwks3050",
                "storage_account_type": "Standard_LRS",
                "write_accelerator_enabled": false
              }
            ],
            "plan": [
              {
                "name": "ftdv-azure-payg",
                "product": "cisco-ftdv",
                "publisher": "cisco"
              }
            ],
            "platform_fault_domain": -1,
            "priority": "Regular",
            "private_ip_address": "10.121.10.6",
            "private_ip_addresses": [
              "10.121.10.6",
              "10.121.11.4",
              "10.121.12.4",
              "10.121.13.4"
            ],
            "provision_vm_agent": true,
            "proximity_placement_group_id": "",
            "public_ip_address": "",
            "public_ip_addresses": [],
            "resource_group_name": "rg-devwks3050",
            "secret": [],
            "size": "Standard_D4_v2",
            "source_image_id": "",
            "source_image_reference": [
              {
                "offer": "cisco-ftdv",
                "publisher": "cisco",
                "sku": "ftdv-azure-payg",
                "version": "71092.0.0"
              }
            ],
            "tags": null,
            "timeouts": null,
            "virtual_machine_id": "38512dc3-464e-4aff-9c4f-f0f3f046daa0",
            "virtual_machine_scale_set_id": "",
            "zone": ""
          },
          "private": "eyJlMmJmYjczMC1lY2FhLTExZTYtOGY4OC0zNDM2M2JjN2M0YzAiOnsiY3JlYXRlIjoyNzAwMDAwMDAwMDAwLCJkZWxldGUiOjI3MDAwMDAwMDAwMDAsInJlYWQiOjMwMDAwMDAwMDAwMCwidXBkYXRlIjoyNzAwMDAwMDAwMDAwfX0=",
          "dependencies": [
            "azurerm_linux_virtual_machine.fmc",
            "azurerm_network_interface.nicdiagftd",
            "azurerm_network_interface.nicinsideftd",
            "azurerm_network_interface.nicmgmtfmc",
            "azurerm_network_interface.nicmgmtftd",
            "azurerm_network_interface.nicoutsideftd",
            "azurerm_resource_group.rg",
            "tls_private_key.common"
          ]
        }
      ]
    },
    {
      "mode": "managed",
      "type": "azurerm_linux_virtual_machine",
      "name": "insidehost",
      "provider": "provider.azurerm",
      "instances": [
        {
          "schema_version": 0,
          "attributes": {
            "additional_capabilities": [],
            "admin_password": "Password123!",
            "admin_ssh_key": [],
            "admin_username": "adminuser",
            "allow_extension_operations": true,
            "availability_set_id": "",
            "boot_diagnostics": [],
            "computer_name": "insidehost",
            "custom_data": null,
            "dedicated_host_id": "",
            "disable_password_authentication": false,
            "encryption_at_host_enabled": false,
            "eviction_policy": "",
            "extensions_time_budget": "PT1H30M",
            "id": "/subscriptions/60c7e748-af46-4ad0-bcdf-0c518aa20c9c/resourceGroups/rg-devwks3050/providers/Microsoft.Compute/virtualMachines/insidehost",
            "identity": [],
            "license_type": "",
            "location": "eastus",
            "max_bid_price": -1,
            "name": "insidehost",
            "network_interface_ids": [
              "/subscriptions/60c7e748-af46-4ad0-bcdf-0c518aa20c9c/resourceGroups/rg-devwks3050/providers/Microsoft.Network/networkInterfaces/nic-inside-host--devwks3050"
            ],
            "os_disk": [
              {
                "caching": "ReadWrite",
                "diff_disk_settings": [],
                "disk_encryption_set_id": "",
                "disk_size_gb": 30,
                "name": "disk-inside-devwks3050",
                "storage_account_type": "Standard_LRS",
                "write_accelerator_enabled": false
              }
            ],
            "plan": [],
            "platform_fault_domain": -1,
            "priority": "Regular",
            "private_ip_address": "10.121.12.5",
            "private_ip_addresses": [
              "10.121.12.5"
            ],
            "provision_vm_agent": true,
            "proximity_placement_group_id": "",
            "public_ip_address": "",
            "public_ip_addresses": [],
            "resource_group_name": "rg-devwks3050",
            "secret": [],
            "size": "Standard_DS2_v2",
            "source_image_id": "",
            "source_image_reference": [
              {
                "offer": "UbuntuServer",
                "publisher": "Canonical",
                "sku": "18.04-LTS",
                "version": "latest"
              }
            ],
            "tags": {},
            "timeouts": null,
            "virtual_machine_id": "9c4a47f9-dc66-4402-a10b-c494be5e6e49",
            "virtual_machine_scale_set_id": "",
            "zone": ""
          },
          "private": "eyJlMmJmYjczMC1lY2FhLTExZTYtOGY4OC0zNDM2M2JjN2M0YzAiOnsiY3JlYXRlIjoyNzAwMDAwMDAwMDAwLCJkZWxldGUiOjI3MDAwMDAwMDAwMDAsInJlYWQiOjMwMDAwMDAwMDAwMCwidXBkYXRlIjoyNzAwMDAwMDAwMDAwfX0=",
          "dependencies": [
            "azurerm_network_interface.nicinsidehost",
            "azurerm_resource_group.rg",
            "azurerm_subnet.insidesubnet",
            "azurerm_virtual_network.vnet"
          ]
        }
      ]
    },
    {
      "mode": "managed",
      "type": "azurerm_linux_virtual_machine",
      "name": "jumphost",
      "provider": "provider.azurerm",
      "instances": [
        {
          "schema_version": 0,
          "attributes": {
            "additional_capabilities": [],
            "admin_password": "Password123!",
            "admin_ssh_key": [],
            "admin_username": "adminuser",
            "allow_extension_operations": true,
            "availability_set_id": "",
            "boot_diagnostics": [],
            "computer_name": "jumphost",
            "custom_data": null,
            "dedicated_host_id": "",
            "disable_password_authentication": false,
            "encryption_at_host_enabled": false,
            "eviction_policy": "",
            "extensions_time_budget": "PT1H30M",
            "id": "/subscriptions/60c7e748-af46-4ad0-bcdf-0c518aa20c9c/resourceGroups/rg-devwks3050/providers/Microsoft.Compute/virtualMachines/jumphost",
            "identity": [],
            "license_type": "",
            "location": "eastus",
            "max_bid_price": -1,
            "name": "jumphost",
            "network_interface_ids": [
              "/subscriptions/60c7e748-af46-4ad0-bcdf-0c518aa20c9c/resourceGroups/rg-devwks3050/providers/Microsoft.Network/networkInterfaces/nic-mgmt-jumphost-devwks3050"
            ],
            "os_disk": [
              {
                "caching": "ReadWrite",
                "diff_disk_settings": [],
                "disk_encryption_set_id": "",
                "disk_size_gb": 30,
                "name": "disk-jumphost-devwks3050",
                "storage_account_type": "Standard_LRS",
                "write_accelerator_enabled": false
              }
            ],
            "plan": [],
            "platform_fault_domain": -1,
            "priority": "Regular",
            "private_ip_address": "10.121.10.5",
            "private_ip_addresses": [
              "10.121.10.5"
            ],
            "provision_vm_agent": true,
            "proximity_placement_group_id": "",
            "public_ip_address": "52.191.31.240",
            "public_ip_addresses": [
              "52.191.31.240"
            ],
            "resource_group_name": "rg-devwks3050",
            "secret": [],
            "size": "Standard_DS2_v2",
            "source_image_id": "",
            "source_image_reference": [
              {
                "offer": "UbuntuServer",
                "publisher": "Canonical",
                "sku": "18.04-LTS",
                "version": "latest"
              }
            ],
            "tags": {},
            "timeouts": null,
            "virtual_machine_id": "019be608-5f2b-476d-8f8d-52cfd8132fd5",
            "virtual_machine_scale_set_id": "",
            "zone": ""
          },
          "private": "eyJlMmJmYjczMC1lY2FhLTExZTYtOGY4OC0zNDM2M2JjN2M0YzAiOnsiY3JlYXRlIjoyNzAwMDAwMDAwMDAwLCJkZWxldGUiOjI3MDAwMDAwMDAwMDAsInJlYWQiOjMwMDAwMDAwMDAwMCwidXBkYXRlIjoyNzAwMDAwMDAwMDAwfX0=",
          "dependencies": [
            "azurerm_network_interface.nicmgmtjumphost",
            "azurerm_public_ip.jumphost",
            "azurerm_resource_group.rg",
            "azurerm_subnet.mgmtsubnet",
            "azurerm_virtual_network.vnet"
          ]
        }
      ]
    },
    {
      "mode": "managed",
      "type": "azurerm_network_interface",
      "name": "nicdiagftd",
      "provider": "provider.azurerm",
      "instances": [
        {
          "schema_version": 0,
          "attributes": {
            "applied_dns_servers": [],
            "dns_servers": [],
            "enable_accelerated_networking": false,
            "enable_ip_forwarding": false,
            "id": "/subscriptions/60c7e748-af46-4ad0-bcdf-0c518aa20c9c/resourceGroups/rg-devwks3050/providers/Microsoft.Network/networkInterfaces/nic-diag-ftd--devwks3050",
            "internal_dns_name_label": "",
            "internal_domain_name_suffix": "ymw5vuimgede1euum4t5ua4w4d.bx.internal.cloudapp.net",
            "ip_configuration": [
              {
                "name": "ipconfig-diag-ftd-devwks3050",
                "primary": true,
                "private_ip_address": "10.121.11.4",
                "private_ip_address_allocation": "Dynamic",
                "private_ip_address_version": "IPv4",
                "public_ip_address_id": "",
                "subnet_id": "/subscriptions/60c7e748-af46-4ad0-bcdf-0c518aa20c9c/resourceGroups/rg-devwks3050/providers/Microsoft.Network/virtualNetworks/vnet-devwks3050/subnets/subnet-diag-devwks3050"
              }
            ],
            "location": "eastus",
            "mac_address": "",
            "name": "nic-diag-ftd--devwks3050",
            "private_ip_address": "10.121.11.4",
            "private_ip_addresses": [
              "10.121.11.4"
            ],
            "resource_group_name": "rg-devwks3050",
            "tags": {},
            "timeouts": null,
            "virtual_machine_id": ""
          },
          "private": "eyJlMmJmYjczMC1lY2FhLTExZTYtOGY4OC0zNDM2M2JjN2M0YzAiOnsiY3JlYXRlIjoxODAwMDAwMDAwMDAwLCJkZWxldGUiOjE4MDAwMDAwMDAwMDAsInJlYWQiOjMwMDAwMDAwMDAwMCwidXBkYXRlIjoxODAwMDAwMDAwMDAwfX0=",
          "dependencies": [
            "azurerm_resource_group.rg",
            "azurerm_subnet.diagsubnet",
            "azurerm_virtual_network.vnet"
          ]
        }
      ]
    },
    {
      "mode": "managed",
      "type": "azurerm_network_interface",
      "name": "nicinsideftd",
      "provider": "provider.azurerm",
      "instances": [
        {
          "schema_version": 0,
          "attributes": {
            "applied_dns_servers": [],
            "dns_servers": [],
            "enable_accelerated_networking": false,
            "enable_ip_forwarding": false,
            "id": "/subscriptions/60c7e748-af46-4ad0-bcdf-0c518aa20c9c/resourceGroups/rg-devwks3050/providers/Microsoft.Network/networkInterfaces/nic-inside-ftd--devwks3050",
            "internal_dns_name_label": "",
            "internal_domain_name_suffix": "ymw5vuimgede1euum4t5ua4w4d.bx.internal.cloudapp.net",
            "ip_configuration": [
              {
                "name": "ipconfig-inside-ftd-devwks3050",
                "primary": true,
                "private_ip_address": "10.121.12.4",
                "private_ip_address_allocation": "Dynamic",
                "private_ip_address_version": "IPv4",
                "public_ip_address_id": "",
                "subnet_id": "/subscriptions/60c7e748-af46-4ad0-bcdf-0c518aa20c9c/resourceGroups/rg-devwks3050/providers/Microsoft.Network/virtualNetworks/vnet-devwks3050/subnets/subnet-inside-devwks3050"
              }
            ],
            "location": "eastus",
            "mac_address": "",
            "name": "nic-inside-ftd--devwks3050",
            "private_ip_address": "10.121.12.4",
            "private_ip_addresses": [
              "10.121.12.4"
            ],
            "resource_group_name": "rg-devwks3050",
            "tags": {},
            "timeouts": null,
            "virtual_machine_id": ""
          },
          "private": "eyJlMmJmYjczMC1lY2FhLTExZTYtOGY4OC0zNDM2M2JjN2M0YzAiOnsiY3JlYXRlIjoxODAwMDAwMDAwMDAwLCJkZWxldGUiOjE4MDAwMDAwMDAwMDAsInJlYWQiOjMwMDAwMDAwMDAwMCwidXBkYXRlIjoxODAwMDAwMDAwMDAwfX0=",
          "dependencies": [
            "azurerm_resource_group.rg",
            "azurerm_subnet.insidesubnet",
            "azurerm_virtual_network.vnet"
          ]
        }
      ]
    },
    {
      "mode": "managed",
      "type": "azurerm_network_interface",
      "name": "nicinsidehost",
      "provider": "provider.azurerm",
      "instances": [
        {
          "schema_version": 0,
          "attributes": {
            "applied_dns_servers": [],
            "dns_servers": [],
            "enable_accelerated_networking": false,
            "enable_ip_forwarding": false,
            "id": "/subscriptions/60c7e748-af46-4ad0-bcdf-0c518aa20c9c/resourceGroups/rg-devwks3050/providers/Microsoft.Network/networkInterfaces/nic-inside-host--devwks3050",
            "internal_dns_name_label": "",
            "internal_domain_name_suffix": "ymw5vuimgede1euum4t5ua4w4d.bx.internal.cloudapp.net",
            "ip_configuration": [
              {
                "name": "ipconfig-insidehost-devwks3050",
                "primary": true,
                "private_ip_address": "10.121.12.5",
                "private_ip_address_allocation": "Dynamic",
                "private_ip_address_version": "IPv4",
                "public_ip_address_id": "",
                "subnet_id": "/subscriptions/60c7e748-af46-4ad0-bcdf-0c518aa20c9c/resourceGroups/rg-devwks3050/providers/Microsoft.Network/virtualNetworks/vnet-devwks3050/subnets/subnet-inside-devwks3050"
              }
            ],
            "location": "eastus",
            "mac_address": "00-0D-3A-57-FB-80",
            "name": "nic-inside-host--devwks3050",
            "private_ip_address": "10.121.12.5",
            "private_ip_addresses": [
              "10.121.12.5"
            ],
            "resource_group_name": "rg-devwks3050",
            "tags": {},
            "timeouts": null,
            "virtual_machine_id": "/subscriptions/60c7e748-af46-4ad0-bcdf-0c518aa20c9c/resourceGroups/rg-devwks3050/providers/Microsoft.Compute/virtualMachines/insidehost"
          },
          "private": "eyJlMmJmYjczMC1lY2FhLTExZTYtOGY4OC0zNDM2M2JjN2M0YzAiOnsiY3JlYXRlIjoxODAwMDAwMDAwMDAwLCJkZWxldGUiOjE4MDAwMDAwMDAwMDAsInJlYWQiOjMwMDAwMDAwMDAwMCwidXBkYXRlIjoxODAwMDAwMDAwMDAwfX0=",
          "dependencies": [
            "azurerm_resource_group.rg",
            "azurerm_subnet.insidesubnet",
            "azurerm_virtual_network.vnet"
          ]
        }
      ]
    },
    {
      "mode": "managed",
      "type": "azurerm_network_interface",
      "name": "nicmgmtfmc",
      "provider": "provider.azurerm",
      "instances": [
        {
          "schema_version": 0,
          "attributes": {
            "applied_dns_servers": [],
            "dns_servers": [],
            "enable_accelerated_networking": false,
            "enable_ip_forwarding": false,
            "id": "/subscriptions/60c7e748-af46-4ad0-bcdf-0c518aa20c9c/resourceGroups/rg-devwks3050/providers/Microsoft.Network/networkInterfaces/nic-mgmt-fmc-devwks3050",
            "internal_dns_name_label": "",
            "internal_domain_name_suffix": "ymw5vuimgede1euum4t5ua4w4d.bx.internal.cloudapp.net",
            "ip_configuration": [
              {
                "name": "ipconfig-mgmt-fmc-devwks3050",
                "primary": true,
                "private_ip_address": "10.121.10.4",
                "private_ip_address_allocation": "Static",
                "private_ip_address_version": "IPv4",
                "public_ip_address_id": "/subscriptions/60c7e748-af46-4ad0-bcdf-0c518aa20c9c/resourceGroups/rg-devwks3050/providers/Microsoft.Network/publicIPAddresses/fmc-pip-devwks3050",
                "subnet_id": "/subscriptions/60c7e748-af46-4ad0-bcdf-0c518aa20c9c/resourceGroups/rg-devwks3050/providers/Microsoft.Network/virtualNetworks/vnet-devwks3050/subnets/subnet-mgmt-devwks3050"
              }
            ],
            "location": "eastus",
            "mac_address": "",
            "name": "nic-mgmt-fmc-devwks3050",
            "private_ip_address": "10.121.10.4",
            "private_ip_addresses": [
              "10.121.10.4"
            ],
            "resource_group_name": "rg-devwks3050",
            "tags": {},
            "timeouts": null,
            "virtual_machine_id": ""
          },
          "private": "eyJlMmJmYjczMC1lY2FhLTExZTYtOGY4OC0zNDM2M2JjN2M0YzAiOnsiY3JlYXRlIjoxODAwMDAwMDAwMDAwLCJkZWxldGUiOjE4MDAwMDAwMDAwMDAsInJlYWQiOjMwMDAwMDAwMDAwMCwidXBkYXRlIjoxODAwMDAwMDAwMDAwfX0=",
          "dependencies": [
            "azurerm_public_ip.fmcpubip",
            "azurerm_resource_group.rg",
            "azurerm_subnet.mgmtsubnet",
            "azurerm_virtual_network.vnet"
          ]
        }
      ]
    },
    {
      "mode": "managed",
      "type": "azurerm_network_interface",
      "name": "nicmgmtftd",
      "provider": "provider.azurerm",
      "instances": [
        {
          "schema_version": 0,
          "attributes": {
            "applied_dns_servers": [],
            "dns_servers": [],
            "enable_accelerated_networking": false,
            "enable_ip_forwarding": false,
            "id": "/subscriptions/60c7e748-af46-4ad0-bcdf-0c518aa20c9c/resourceGroups/rg-devwks3050/providers/Microsoft.Network/networkInterfaces/nic-mgmt-ftd--devwks3050",
            "internal_dns_name_label": "",
            "internal_domain_name_suffix": "ymw5vuimgede1euum4t5ua4w4d.bx.internal.cloudapp.net",
            "ip_configuration": [
              {
                "name": "ipconfig-mgmt-ftd-devwks3050",
                "primary": true,
                "private_ip_address": "10.121.10.6",
                "private_ip_address_allocation": "Static",
                "private_ip_address_version": "IPv4",
                "public_ip_address_id": "",
                "subnet_id": "/subscriptions/60c7e748-af46-4ad0-bcdf-0c518aa20c9c/resourceGroups/rg-devwks3050/providers/Microsoft.Network/virtualNetworks/vnet-devwks3050/subnets/subnet-mgmt-devwks3050"
              }
            ],
            "location": "eastus",
            "mac_address": "",
            "name": "nic-mgmt-ftd--devwks3050",
            "private_ip_address": "10.121.10.6",
            "private_ip_addresses": [
              "10.121.10.6"
            ],
            "resource_group_name": "rg-devwks3050",
            "tags": {},
            "timeouts": null,
            "virtual_machine_id": ""
          },
          "private": "eyJlMmJmYjczMC1lY2FhLTExZTYtOGY4OC0zNDM2M2JjN2M0YzAiOnsiY3JlYXRlIjoxODAwMDAwMDAwMDAwLCJkZWxldGUiOjE4MDAwMDAwMDAwMDAsInJlYWQiOjMwMDAwMDAwMDAwMCwidXBkYXRlIjoxODAwMDAwMDAwMDAwfX0=",
          "dependencies": [
            "azurerm_resource_group.rg",
            "azurerm_subnet.mgmtsubnet",
            "azurerm_virtual_network.vnet"
          ]
        }
      ]
    },
    {
      "mode": "managed",
      "type": "azurerm_network_interface",
      "name": "nicmgmtjumphost",
      "provider": "provider.azurerm",
      "instances": [
        {
          "schema_version": 0,
          "attributes": {
            "applied_dns_servers": [],
            "dns_servers": [],
            "enable_accelerated_networking": false,
            "enable_ip_forwarding": false,
            "id": "/subscriptions/60c7e748-af46-4ad0-bcdf-0c518aa20c9c/resourceGroups/rg-devwks3050/providers/Microsoft.Network/networkInterfaces/nic-mgmt-jumphost-devwks3050",
            "internal_dns_name_label": "",
            "internal_domain_name_suffix": "ymw5vuimgede1euum4t5ua4w4d.bx.internal.cloudapp.net",
            "ip_configuration": [
              {
                "name": "ipconfig-mgmt-jumphost-devwks3050",
                "primary": true,
                "private_ip_address": "10.121.10.5",
                "private_ip_address_allocation": "Static",
                "private_ip_address_version": "IPv4",
                "public_ip_address_id": "/subscriptions/60c7e748-af46-4ad0-bcdf-0c518aa20c9c/resourceGroups/rg-devwks3050/providers/Microsoft.Network/publicIPAddresses/jumphost-pip-devwks3050",
                "subnet_id": "/subscriptions/60c7e748-af46-4ad0-bcdf-0c518aa20c9c/resourceGroups/rg-devwks3050/providers/Microsoft.Network/virtualNetworks/vnet-devwks3050/subnets/subnet-mgmt-devwks3050"
              }
            ],
            "location": "eastus",
            "mac_address": "00-22-48-35-25-D5",
            "name": "nic-mgmt-jumphost-devwks3050",
            "private_ip_address": "10.121.10.5",
            "private_ip_addresses": [
              "10.121.10.5"
            ],
            "resource_group_name": "rg-devwks3050",
            "tags": {},
            "timeouts": null,
            "virtual_machine_id": "/subscriptions/60c7e748-af46-4ad0-bcdf-0c518aa20c9c/resourceGroups/rg-devwks3050/providers/Microsoft.Compute/virtualMachines/jumphost"
          },
          "private": "eyJlMmJmYjczMC1lY2FhLTExZTYtOGY4OC0zNDM2M2JjN2M0YzAiOnsiY3JlYXRlIjoxODAwMDAwMDAwMDAwLCJkZWxldGUiOjE4MDAwMDAwMDAwMDAsInJlYWQiOjMwMDAwMDAwMDAwMCwidXBkYXRlIjoxODAwMDAwMDAwMDAwfX0=",
          "dependencies": [
            "azurerm_public_ip.jumphost",
            "azurerm_resource_group.rg",
            "azurerm_subnet.mgmtsubnet",
            "azurerm_virtual_network.vnet"
          ]
        }
      ]
    },
    {
      "mode": "managed",
      "type": "azurerm_network_interface",
      "name": "nicoutsideftd",
      "provider": "provider.azurerm",
      "instances": [
        {
          "schema_version": 0,
          "attributes": {
            "applied_dns_servers": [],
            "dns_servers": [],
            "enable_accelerated_networking": false,
            "enable_ip_forwarding": false,
            "id": "/subscriptions/60c7e748-af46-4ad0-bcdf-0c518aa20c9c/resourceGroups/rg-devwks3050/providers/Microsoft.Network/networkInterfaces/nic-outside-ftd--devwks3050",
            "internal_dns_name_label": "",
            "internal_domain_name_suffix": "ymw5vuimgede1euum4t5ua4w4d.bx.internal.cloudapp.net",
            "ip_configuration": [
              {
                "name": "ipconfig-outside-ftd-devwks3050",
                "primary": true,
                "private_ip_address": "10.121.13.4",
                "private_ip_address_allocation": "Dynamic",
                "private_ip_address_version": "IPv4",
                "public_ip_address_id": "",
                "subnet_id": "/subscriptions/60c7e748-af46-4ad0-bcdf-0c518aa20c9c/resourceGroups/rg-devwks3050/providers/Microsoft.Network/virtualNetworks/vnet-devwks3050/subnets/subnet-outside-devwks3050"
              }
            ],
            "location": "eastus",
            "mac_address": "",
            "name": "nic-outside-ftd--devwks3050",
            "private_ip_address": "10.121.13.4",
            "private_ip_addresses": [
              "10.121.13.4"
            ],
            "resource_group_name": "rg-devwks3050",
            "tags": {},
            "timeouts": null,
            "virtual_machine_id": ""
          },
          "private": "eyJlMmJmYjczMC1lY2FhLTExZTYtOGY4OC0zNDM2M2JjN2M0YzAiOnsiY3JlYXRlIjoxODAwMDAwMDAwMDAwLCJkZWxldGUiOjE4MDAwMDAwMDAwMDAsInJlYWQiOjMwMDAwMDAwMDAwMCwidXBkYXRlIjoxODAwMDAwMDAwMDAwfX0=",
          "dependencies": [
            "azurerm_resource_group.rg",
            "azurerm_subnet.outsidesubnet",
            "azurerm_virtual_network.vnet"
          ]
        }
      ]
    },
    {
      "mode": "managed",
      "type": "azurerm_network_interface_security_group_association",
      "name": "FTDv_NIC0_NSG",
      "provider": "provider.azurerm",
      "instances": [
        {
          "schema_version": 0,
          "attributes": {
            "id": "/subscriptions/60c7e748-af46-4ad0-bcdf-0c518aa20c9c/resourceGroups/rg-devwks3050/providers/Microsoft.Network/networkInterfaces/nic-mgmt-ftd--devwks3050|/subscriptions/60c7e748-af46-4ad0-bcdf-0c518aa20c9c/resourceGroups/rg-devwks3050/providers/Microsoft.Network/networkSecurityGroups/devwks3050-allow-all",
            "network_interface_id": "/subscriptions/60c7e748-af46-4ad0-bcdf-0c518aa20c9c/resourceGroups/rg-devwks3050/providers/Microsoft.Network/networkInterfaces/nic-mgmt-ftd--devwks3050",
            "network_security_group_id": "/subscriptions/60c7e748-af46-4ad0-bcdf-0c518aa20c9c/resourceGroups/rg-devwks3050/providers/Microsoft.Network/networkSecurityGroups/devwks3050-allow-all",
            "timeouts": null
          },
          "private": "eyJlMmJmYjczMC1lY2FhLTExZTYtOGY4OC0zNDM2M2JjN2M0YzAiOnsiY3JlYXRlIjoxODAwMDAwMDAwMDAwLCJkZWxldGUiOjE4MDAwMDAwMDAwMDAsInJlYWQiOjMwMDAwMDAwMDAwMCwidXBkYXRlIjoxODAwMDAwMDAwMDAwfX0=",
          "dependencies": [
            "azurerm_network_interface.nicmgmtftd",
            "azurerm_network_security_group.allow-all",
            "azurerm_resource_group.rg",
            "azurerm_subnet.mgmtsubnet",
            "azurerm_virtual_network.vnet"
          ]
        }
      ]
    },
    {
      "mode": "managed",
      "type": "azurerm_network_security_group",
      "name": "allow-all",
      "provider": "provider.azurerm",
      "instances": [
        {
          "schema_version": 0,
          "attributes": {
            "id": "/subscriptions/60c7e748-af46-4ad0-bcdf-0c518aa20c9c/resourceGroups/rg-devwks3050/providers/Microsoft.Network/networkSecurityGroups/devwks3050-allow-all",
            "location": "eastus",
            "name": "devwks3050-allow-all",
            "resource_group_name": "rg-devwks3050",
            "security_rule": [
              {
                "access": "Allow",
                "description": "",
                "destination_address_prefix": "*",
                "destination_address_prefixes": [],
                "destination_application_security_group_ids": [],
                "destination_port_range": "*",
                "destination_port_ranges": [],
                "direction": "Outbound",
                "name": "Outbound-Allow-All",
                "priority": 1002,
                "protocol": "*",
                "source_address_prefix": "*",
                "source_address_prefixes": [],
                "source_application_security_group_ids": [],
                "source_port_range": "*",
                "source_port_ranges": []
              },
              {
                "access": "Allow",
                "description": "",
                "destination_address_prefix": "*",
                "destination_address_prefixes": [],
                "destination_application_security_group_ids": [],
                "destination_port_range": "22-8305",
                "destination_port_ranges": [],
                "direction": "Inbound",
                "name": "TCP-Allow-All",
                "priority": 1001,
                "protocol": "tcp",
                "source_address_prefix": "*",
                "source_address_prefixes": [],
                "source_application_security_group_ids": [],
                "source_port_range": "*",
                "source_port_ranges": []
              }
            ],
            "tags": {},
            "timeouts": null
          },
          "private": "eyJlMmJmYjczMC1lY2FhLTExZTYtOGY4OC0zNDM2M2JjN2M0YzAiOnsiY3JlYXRlIjoxODAwMDAwMDAwMDAwLCJkZWxldGUiOjE4MDAwMDAwMDAwMDAsInJlYWQiOjMwMDAwMDAwMDAwMCwidXBkYXRlIjoxODAwMDAwMDAwMDAwfX0=",
          "dependencies": [
            "azurerm_resource_group.rg"
          ]
        }
      ]
    },
    {
      "mode": "managed",
      "type": "azurerm_public_ip",
      "name": "fmcpubip",
      "provider": "provider.azurerm",
      "instances": [
        {
          "schema_version": 0,
          "attributes": {
            "allocation_method": "Dynamic",
            "domain_name_label": null,
            "fqdn": null,
            "id": "/subscriptions/60c7e748-af46-4ad0-bcdf-0c518aa20c9c/resourceGroups/rg-devwks3050/providers/Microsoft.Network/publicIPAddresses/fmc-pip-devwks3050",
            "idle_timeout_in_minutes": 4,
            "ip_address": "",
            "ip_version": "IPv4",
            "location": "eastus",
            "name": "fmc-pip-devwks3050",
            "public_ip_prefix_id": null,
            "resource_group_name": "rg-devwks3050",
            "reverse_fqdn": null,
            "sku": "Basic",
            "tags": {},
            "timeouts": null,
            "zones": []
          },
          "private": "eyJlMmJmYjczMC1lY2FhLTExZTYtOGY4OC0zNDM2M2JjN2M0YzAiOnsiY3JlYXRlIjoxODAwMDAwMDAwMDAwLCJkZWxldGUiOjE4MDAwMDAwMDAwMDAsInJlYWQiOjMwMDAwMDAwMDAwMCwidXBkYXRlIjoxODAwMDAwMDAwMDAwfX0=",
          "dependencies": [
            "azurerm_resource_group.rg"
          ]
        }
      ]
    },
    {
      "mode": "managed",
      "type": "azurerm_public_ip",
      "name": "jumphost",
      "provider": "provider.azurerm",
      "instances": [
        {
          "schema_version": 0,
          "attributes": {
            "allocation_method": "Dynamic",
            "domain_name_label": null,
            "fqdn": null,
            "id": "/subscriptions/60c7e748-af46-4ad0-bcdf-0c518aa20c9c/resourceGroups/rg-devwks3050/providers/Microsoft.Network/publicIPAddresses/jumphost-pip-devwks3050",
            "idle_timeout_in_minutes": 4,
            "ip_address": "52.191.31.240",
            "ip_version": "IPv4",
            "location": "eastus",
            "name": "jumphost-pip-devwks3050",
            "public_ip_prefix_id": null,
            "resource_group_name": "rg-devwks3050",
            "reverse_fqdn": null,
            "sku": "Basic",
            "tags": {},
            "timeouts": null,
            "zones": []
          },
          "private": "eyJlMmJmYjczMC1lY2FhLTExZTYtOGY4OC0zNDM2M2JjN2M0YzAiOnsiY3JlYXRlIjoxODAwMDAwMDAwMDAwLCJkZWxldGUiOjE4MDAwMDAwMDAwMDAsInJlYWQiOjMwMDAwMDAwMDAwMCwidXBkYXRlIjoxODAwMDAwMDAwMDAwfX0=",
          "dependencies": [
            "azurerm_resource_group.rg"
          ]
        }
      ]
    },
    {
      "mode": "managed",
      "type": "azurerm_resource_group",
      "name": "rg",
      "provider": "provider.azurerm",
      "instances": [
        {
          "schema_version": 0,
          "attributes": {
            "id": "/subscriptions/60c7e748-af46-4ad0-bcdf-0c518aa20c9c/resourceGroups/rg-devwks3050",
            "location": "eastus",
            "name": "rg-devwks3050",
            "tags": {},
            "timeouts": null
          },
          "private": "eyJlMmJmYjczMC1lY2FhLTExZTYtOGY4OC0zNDM2M2JjN2M0YzAiOnsiY3JlYXRlIjo1NDAwMDAwMDAwMDAwLCJkZWxldGUiOjU0MDAwMDAwMDAwMDAsInJlYWQiOjMwMDAwMDAwMDAwMCwidXBkYXRlIjo1NDAwMDAwMDAwMDAwfX0="
        }
      ]
    },
    {
      "mode": "managed",
      "type": "azurerm_route_table",
      "name": "FTD_NIC2",
      "provider": "provider.azurerm",
      "instances": [
        {
          "schema_version": 0,
          "attributes": {
            "disable_bgp_route_propagation": false,
            "id": "/subscriptions/60c7e748-af46-4ad0-bcdf-0c518aa20c9c/resourceGroups/rg-devwks3050/providers/Microsoft.Network/routeTables/devwks3050-RT-Subnet2",
            "location": "eastus",
            "name": "devwks3050-RT-Subnet2",
            "resource_group_name": "rg-devwks3050",
            "route": [],
            "subnets": [
              "/subscriptions/60c7e748-af46-4ad0-bcdf-0c518aa20c9c/resourceGroups/rg-devwks3050/providers/Microsoft.Network/virtualNetworks/vnet-devwks3050/subnets/subnet-inside-devwks3050"
            ],
            "tags": {},
            "timeouts": null
          },
          "private": "eyJlMmJmYjczMC1lY2FhLTExZTYtOGY4OC0zNDM2M2JjN2M0YzAiOnsiY3JlYXRlIjoxODAwMDAwMDAwMDAwLCJkZWxldGUiOjE4MDAwMDAwMDAwMDAsInJlYWQiOjMwMDAwMDAwMDAwMCwidXBkYXRlIjoxODAwMDAwMDAwMDAwfX0=",
          "dependencies": [
            "azurerm_resource_group.rg"
          ]
        }
      ]
    },
    {
      "mode": "managed",
      "type": "azurerm_route_table",
      "name": "FTD_NIC3",
      "provider": "provider.azurerm",
      "instances": [
        {
          "schema_version": 0,
          "attributes": {
            "disable_bgp_route_propagation": false,
            "id": "/subscriptions/60c7e748-af46-4ad0-bcdf-0c518aa20c9c/resourceGroups/rg-devwks3050/providers/Microsoft.Network/routeTables/devwks3050-RT-Subnet3",
            "location": "eastus",
            "name": "devwks3050-RT-Subnet3",
            "resource_group_name": "rg-devwks3050",
            "route": [],
            "subnets": [
              "/subscriptions/60c7e748-af46-4ad0-bcdf-0c518aa20c9c/resourceGroups/rg-devwks3050/providers/Microsoft.Network/virtualNetworks/vnet-devwks3050/subnets/subnet-outside-devwks3050"
            ],
            "tags": {},
            "timeouts": null
          },
          "private": "eyJlMmJmYjczMC1lY2FhLTExZTYtOGY4OC0zNDM2M2JjN2M0YzAiOnsiY3JlYXRlIjoxODAwMDAwMDAwMDAwLCJkZWxldGUiOjE4MDAwMDAwMDAwMDAsInJlYWQiOjMwMDAwMDAwMDAwMCwidXBkYXRlIjoxODAwMDAwMDAwMDAwfX0=",
          "dependencies": [
            "azurerm_resource_group.rg"
          ]
        }
      ]
    },
    {
      "mode": "managed",
      "type": "azurerm_subnet",
      "name": "diagsubnet",
      "provider": "provider.azurerm",
      "instances": [
        {
          "schema_version": 0,
          "attributes": {
            "address_prefix": "10.121.11.0/24",
            "address_prefixes": [
              "10.121.11.0/24"
            ],
            "delegation": [],
            "enforce_private_link_endpoint_network_policies": false,
            "enforce_private_link_service_network_policies": false,
            "id": "/subscriptions/60c7e748-af46-4ad0-bcdf-0c518aa20c9c/resourceGroups/rg-devwks3050/providers/Microsoft.Network/virtualNetworks/vnet-devwks3050/subnets/subnet-diag-devwks3050",
            "name": "subnet-diag-devwks3050",
            "resource_group_name": "rg-devwks3050",
            "service_endpoint_policy_ids": [],
            "service_endpoints": [],
            "timeouts": null,
            "virtual_network_name": "vnet-devwks3050"
          },
          "private": "eyJlMmJmYjczMC1lY2FhLTExZTYtOGY4OC0zNDM2M2JjN2M0YzAiOnsiY3JlYXRlIjoxODAwMDAwMDAwMDAwLCJkZWxldGUiOjE4MDAwMDAwMDAwMDAsInJlYWQiOjMwMDAwMDAwMDAwMCwidXBkYXRlIjoxODAwMDAwMDAwMDAwfX0=",
          "dependencies": [
            "azurerm_resource_group.rg",
            "azurerm_virtual_network.vnet"
          ]
        }
      ]
    },
    {
      "mode": "managed",
      "type": "azurerm_subnet",
      "name": "insidesubnet",
      "provider": "provider.azurerm",
      "instances": [
        {
          "schema_version": 0,
          "attributes": {
            "address_prefix": "10.121.12.0/24",
            "address_prefixes": [
              "10.121.12.0/24"
            ],
            "delegation": [],
            "enforce_private_link_endpoint_network_policies": false,
            "enforce_private_link_service_network_policies": false,
            "id": "/subscriptions/60c7e748-af46-4ad0-bcdf-0c518aa20c9c/resourceGroups/rg-devwks3050/providers/Microsoft.Network/virtualNetworks/vnet-devwks3050/subnets/subnet-inside-devwks3050",
            "name": "subnet-inside-devwks3050",
            "resource_group_name": "rg-devwks3050",
            "service_endpoint_policy_ids": [],
            "service_endpoints": [],
            "timeouts": null,
            "virtual_network_name": "vnet-devwks3050"
          },
          "private": "eyJlMmJmYjczMC1lY2FhLTExZTYtOGY4OC0zNDM2M2JjN2M0YzAiOnsiY3JlYXRlIjoxODAwMDAwMDAwMDAwLCJkZWxldGUiOjE4MDAwMDAwMDAwMDAsInJlYWQiOjMwMDAwMDAwMDAwMCwidXBkYXRlIjoxODAwMDAwMDAwMDAwfX0=",
          "dependencies": [
            "azurerm_resource_group.rg",
            "azurerm_virtual_network.vnet"
          ]
        }
      ]
    },
    {
      "mode": "managed",
      "type": "azurerm_subnet",
      "name": "mgmtsubnet",
      "provider": "provider.azurerm",
      "instances": [
        {
          "schema_version": 0,
          "attributes": {
            "address_prefix": "10.121.10.0/24",
            "address_prefixes": [
              "10.121.10.0/24"
            ],
            "delegation": [],
            "enforce_private_link_endpoint_network_policies": false,
            "enforce_private_link_service_network_policies": false,
            "id": "/subscriptions/60c7e748-af46-4ad0-bcdf-0c518aa20c9c/resourceGroups/rg-devwks3050/providers/Microsoft.Network/virtualNetworks/vnet-devwks3050/subnets/subnet-mgmt-devwks3050",
            "name": "subnet-mgmt-devwks3050",
            "resource_group_name": "rg-devwks3050",
            "service_endpoint_policy_ids": [],
            "service_endpoints": [],
            "timeouts": null,
            "virtual_network_name": "vnet-devwks3050"
          },
          "private": "eyJlMmJmYjczMC1lY2FhLTExZTYtOGY4OC0zNDM2M2JjN2M0YzAiOnsiY3JlYXRlIjoxODAwMDAwMDAwMDAwLCJkZWxldGUiOjE4MDAwMDAwMDAwMDAsInJlYWQiOjMwMDAwMDAwMDAwMCwidXBkYXRlIjoxODAwMDAwMDAwMDAwfX0=",
          "dependencies": [
            "azurerm_resource_group.rg",
            "azurerm_virtual_network.vnet"
          ]
        }
      ]
    },
    {
      "mode": "managed",
      "type": "azurerm_subnet",
      "name": "outsidesubnet",
      "provider": "provider.azurerm",
      "instances": [
        {
          "schema_version": 0,
          "attributes": {
            "address_prefix": "10.121.13.0/24",
            "address_prefixes": [
              "10.121.13.0/24"
            ],
            "delegation": [],
            "enforce_private_link_endpoint_network_policies": false,
            "enforce_private_link_service_network_policies": false,
            "id": "/subscriptions/60c7e748-af46-4ad0-bcdf-0c518aa20c9c/resourceGroups/rg-devwks3050/providers/Microsoft.Network/virtualNetworks/vnet-devwks3050/subnets/subnet-outside-devwks3050",
            "name": "subnet-outside-devwks3050",
            "resource_group_name": "rg-devwks3050",
            "service_endpoint_policy_ids": [],
            "service_endpoints": [],
            "timeouts": null,
            "virtual_network_name": "vnet-devwks3050"
          },
          "private": "eyJlMmJmYjczMC1lY2FhLTExZTYtOGY4OC0zNDM2M2JjN2M0YzAiOnsiY3JlYXRlIjoxODAwMDAwMDAwMDAwLCJkZWxldGUiOjE4MDAwMDAwMDAwMDAsInJlYWQiOjMwMDAwMDAwMDAwMCwidXBkYXRlIjoxODAwMDAwMDAwMDAwfX0=",
          "dependencies": [
            "azurerm_resource_group.rg",
            "azurerm_virtual_network.vnet"
          ]
        }
      ]
    },
    {
      "mode": "managed",
      "type": "azurerm_subnet_route_table_association",
      "name": "rt-associa-2",
      "provider": "provider.azurerm",
      "instances": [
        {
          "schema_version": 0,
          "attributes": {
            "id": "/subscriptions/60c7e748-af46-4ad0-bcdf-0c518aa20c9c/resourceGroups/rg-devwks3050/providers/Microsoft.Network/virtualNetworks/vnet-devwks3050/subnets/subnet-inside-devwks3050",
            "route_table_id": "/subscriptions/60c7e748-af46-4ad0-bcdf-0c518aa20c9c/resourceGroups/rg-devwks3050/providers/Microsoft.Network/routeTables/devwks3050-RT-Subnet2",
            "subnet_id": "/subscriptions/60c7e748-af46-4ad0-bcdf-0c518aa20c9c/resourceGroups/rg-devwks3050/providers/Microsoft.Network/virtualNetworks/vnet-devwks3050/subnets/subnet-inside-devwks3050",
            "timeouts": null
          },
          "private": "eyJlMmJmYjczMC1lY2FhLTExZTYtOGY4OC0zNDM2M2JjN2M0YzAiOnsiY3JlYXRlIjoxODAwMDAwMDAwMDAwLCJkZWxldGUiOjE4MDAwMDAwMDAwMDAsInJlYWQiOjMwMDAwMDAwMDAwMCwidXBkYXRlIjoxODAwMDAwMDAwMDAwfX0=",
          "dependencies": [
            "azurerm_resource_group.rg",
            "azurerm_route_table.FTD_NIC2",
            "azurerm_subnet.insidesubnet",
            "azurerm_virtual_network.vnet"
          ]
        }
      ]
    },
    {
      "mode": "managed",
      "type": "azurerm_subnet_route_table_association",
      "name": "rt-associa-3",
      "provider": "provider.azurerm",
      "instances": [
        {
          "schema_version": 0,
          "attributes": {
            "id": "/subscriptions/60c7e748-af46-4ad0-bcdf-0c518aa20c9c/resourceGroups/rg-devwks3050/providers/Microsoft.Network/virtualNetworks/vnet-devwks3050/subnets/subnet-outside-devwks3050",
            "route_table_id": "/subscriptions/60c7e748-af46-4ad0-bcdf-0c518aa20c9c/resourceGroups/rg-devwks3050/providers/Microsoft.Network/routeTables/devwks3050-RT-Subnet3",
            "subnet_id": "/subscriptions/60c7e748-af46-4ad0-bcdf-0c518aa20c9c/resourceGroups/rg-devwks3050/providers/Microsoft.Network/virtualNetworks/vnet-devwks3050/subnets/subnet-outside-devwks3050",
            "timeouts": null
          },
          "private": "eyJlMmJmYjczMC1lY2FhLTExZTYtOGY4OC0zNDM2M2JjN2M0YzAiOnsiY3JlYXRlIjoxODAwMDAwMDAwMDAwLCJkZWxldGUiOjE4MDAwMDAwMDAwMDAsInJlYWQiOjMwMDAwMDAwMDAwMCwidXBkYXRlIjoxODAwMDAwMDAwMDAwfX0=",
          "dependencies": [
            "azurerm_resource_group.rg",
            "azurerm_route_table.FTD_NIC3",
            "azurerm_subnet.outsidesubnet",
            "azurerm_virtual_network.vnet"
          ]
        }
      ]
    },
    {
      "mode": "managed",
      "type": "azurerm_virtual_network",
      "name": "vnet",
      "provider": "provider.azurerm",
      "instances": [
        {
          "schema_version": 0,
          "attributes": {
            "address_space": [
              "10.121.0.0/16"
            ],
            "bgp_community": "",
            "ddos_protection_plan": [],
            "dns_servers": [],
            "guid": "d1fa2dc3-310c-4d06-9294-67a7fa03d6f3",
            "id": "/subscriptions/60c7e748-af46-4ad0-bcdf-0c518aa20c9c/resourceGroups/rg-devwks3050/providers/Microsoft.Network/virtualNetworks/vnet-devwks3050",
            "location": "eastus",
            "name": "vnet-devwks3050",
            "resource_group_name": "rg-devwks3050",
            "subnet": [
              {
                "address_prefix": "10.121.10.0/24",
                "id": "/subscriptions/60c7e748-af46-4ad0-bcdf-0c518aa20c9c/resourceGroups/rg-devwks3050/providers/Microsoft.Network/virtualNetworks/vnet-devwks3050/subnets/subnet-mgmt-devwks3050",
                "name": "subnet-mgmt-devwks3050",
                "security_group": ""
              },
              {
                "address_prefix": "10.121.11.0/24",
                "id": "/subscriptions/60c7e748-af46-4ad0-bcdf-0c518aa20c9c/resourceGroups/rg-devwks3050/providers/Microsoft.Network/virtualNetworks/vnet-devwks3050/subnets/subnet-diag-devwks3050",
                "name": "subnet-diag-devwks3050",
                "security_group": ""
              },
              {
                "address_prefix": "10.121.12.0/24",
                "id": "/subscriptions/60c7e748-af46-4ad0-bcdf-0c518aa20c9c/resourceGroups/rg-devwks3050/providers/Microsoft.Network/virtualNetworks/vnet-devwks3050/subnets/subnet-inside-devwks3050",
                "name": "subnet-inside-devwks3050",
                "security_group": ""
              },
              {
                "address_prefix": "10.121.13.0/24",
                "id": "/subscriptions/60c7e748-af46-4ad0-bcdf-0c518aa20c9c/resourceGroups/rg-devwks3050/providers/Microsoft.Network/virtualNetworks/vnet-devwks3050/subnets/subnet-outside-devwks3050",
                "name": "subnet-outside-devwks3050",
                "security_group": ""
              }
            ],
            "tags": {},
            "timeouts": null,
            "vm_protection_enabled": false
          },
          "private": "eyJlMmJmYjczMC1lY2FhLTExZTYtOGY4OC0zNDM2M2JjN2M0YzAiOnsiY3JlYXRlIjoxODAwMDAwMDAwMDAwLCJkZWxldGUiOjE4MDAwMDAwMDAwMDAsInJlYWQiOjMwMDAwMDAwMDAwMCwidXBkYXRlIjoxODAwMDAwMDAwMDAwfX0=",
          "dependencies": [
            "azurerm_resource_group.rg"
          ]
        }
      ]
    },
    {
      "mode": "managed",
      "type": "tls_private_key",
      "name": "common",
      "provider": "provider.tls",
      "instances": [
        {
          "schema_version": 0,
          "attributes": {
            "algorithm": "RSA",
            "ecdsa_curve": "P224",
            "id": "ab422f5884acce022dc51d0f2ab7a921084c8442",
            "private_key_pem": "-----BEGIN RSA PRIVATE KEY-----\nMIIJKQIBAAKCAgEA9anfR/udxzUqmVqu4Io04qc66O2fvwk1gYMM05ScYo86fvko\ng7+n8XM/JX/KeQy2/zm5s511uSbV5Ff18r1pl6I/+23QBL8QHLzY/Sm7xLIRO4OX\n7F/1Pp6Qso7oMtU9CdrqhaeVZtD3yxLi8oec5DYKojR0J3Y5vdy56TSX6SiJoJyF\ndUloM/x2V6v4BXTq+ubKnFx4jRD0c4Cq5lpoJp/v3q63NQ2KHviPrDBd1v+k90iA\nK05w/9o/TX3VWhjzFt3E4P5Kft2uvjAmp6huHUMUbDRr6Qty7UnigKzzEKt4trWt\nQlCrNUJaB0Hoe7/6SVkaJ9YCIdq7pedWISyEpk/ZIr7zGrfbVXlAcUm0Q5TdZJ/w\nfi9aevxlZ+0C0Va73QWiiEgt5Y8S8Xr3qnGwKpqG62P0nHYlxTpWcGJTiXWMUrL+\nNIGCdmouCqc+pu5O36w4NDKJWggMKnLPjGw02Fc/82cP+wG+lTdG1tC1Li3SNf4F\n7Q01tJLgQJ0PwB2lnUkERmNgYITs56K08IVc3YvzMkkgaFtD6LbiuDsZn3vvTryM\nVzp8kMWtmkfje3uJRYJL9EwBm58xnkmkiazeAbcjwMNOwMh0tJmGXp1B+P2fCCN/\niwXl4sOjVkhlNWmRrStj/Ld1oF9gOwwekasdr+UU/k9NVVUA/tPGkuVeZmUCAwEA\nAQKCAgEAjtbY5ufck6nMPSLHL/PsUCVgUXNpQRC/tbBXUubED2KsZovFDOXxZqjV\n/J3TQpMsDDaqTU+u1ZtJHt4uOZf8v5gtj6oIG9pkKfF8UadkcDgBYRNg0KXy2Rgl\nlk0Vogju1r4dQt1wNzol+kPfBZnolaD+idXp+8/4PvcKehiEg6N4cpTP3KR0HFYd\nEVkCe1nCD2UGRehWh99l44ra09mZWWwBcv8vs39N4jgwgbQVvB8k8kuLiqKvfXSO\n/iW+WgbLwW3tPc1dz2piYl9o+m8qp4ULaOcKH5TynBorwxnMstKg+8ujFD4Hbo5H\n/pRJ8zpq8x8F4EfFMZ4XIZ3jLKLP9SgyySk7zgIzj7NgGvj3EUBulr2W8Fp28mSk\n6/hGyFWI0O1nZudxBoA9Gw7qMJ1JPkGvYkmPccO5+QdEBe0MmrI6rTHXZv8+Bvar\nBseIFvWtqBkmCk5KmaswGn+ajYKaX6SScvfdzVY+fw6Lfb5U+OjZ26l56316Pmhp\nBLHqtSBszjNjj5/62lymLxJHb00IJoFeakzArWp2nNRGty1gTRgp57WAccZnT4uE\nhzyfDFqc6ibDWbGLQIfLWUOVGfh0gctbQSLOk0su7DveA+HDsfsBTI7ZLs1DYa32\n1T0pCMYBc8MMoxSGDUIE1v5P942rk93D0+7+VZjKPTDnXJwTccECggEBAPqMFLdv\nIInFBwMtwG7BAfr/TFLCib36/YQNALV3x9teoV0N7WreSbztUTW4OPQiBLryME48\nX1KP3WOEMSmwgdGBloO1+CBF16Sdf4PcYKCPH9OgIzAhbMFm6Az4z69VvaVKHoIj\n1nDE8j7DXnCBRjdlq2vHucdhodzNkOazoW2GotGn30BzfFYn9w/7SDnIieYwrj8v\nHrjR9zPq4CIusBbMi2Qz4mwpnoIy/3QmlBV/oUGaFDZF9eVc4b7bF8pITuyUXS1K\njBqc3HcVDGUYb+ghel2Aafaki1V4P1v4rVzrjd2uMrsQEaKzpbzlNdqSRCemQbDL\nxxZk7OMdlpIBD6kCggEBAPsClQy1d8gYhizEMbb3wYRe5mKBQnv+CBSqrrCEhDFP\nPitrh0TS7zzfln0iURlqi4n0V8/Ti7TAiJvDGKpiWYPyckFWH44KJwYLh19RI+G3\nwaCvXlUgZ/2AGNCRp3zEpZC+0D5BLChO6E7Z1hFQYeyY0tXsh06M4BsoTDzjGz2e\nPe2Z5MEse4t9JufymlT2KKsWexiN91ETQ2LHLo8GhDmKwpi+hcUqqjn+Eq8KrfYJ\n0xfux1Di4W3q0YljF0LI5vAlxvJCBmt680U2wSMAyQI6TvwsUUQEmoIeHZMSRHjE\nvrUSeJhUZqgFpSEr9rI5lYR98teYPtQ8f5y0/MlHxl0CggEAP2GegAUBwzhvnLM/\nQgVbfeaFpU4HUGMlLPmpGz8Q9QLMaWDzlZxkJQIYEDHpXoEYlz5bT/9f0eAJDnrL\ngRNg0+IndGxdN7TTZ5ZcQrxGSXfLglq5bByYiZiBzX5H88AJ+L12WE++mMqJyazc\nwDND0xHKOrrM2Y5uRxBNvr7kcHOlzsnb5U8Rvi3gB0/3Jn7/u5bHDb7a08Bx+9VI\nG/2ZmDrobFHfzqL8sU07aGO2BHZEEfdrc4thOEO16/U64HZIWPrzU1jPdpAGCa3u\nc8ipzpxhezPYGofno5iG1rpjCOWh/tlphf77pyAxJkcJx6BG04zwg0wZsiWX86Bx\njb/s+QKCAQEA9HXwWb9GmC8iRekSDgM/ij6um9MNwBqJHi+ZELsOz8NAZiNES4gv\njZaoRtisKVe17LZ26yY5UuGMaj7Y/9/nFHWERxOsibZjiSSjQ/aPPp6rSmZhNgDo\npmAiSscAWqheIxljUK5CZkNrRpgrPxONO1MfS08f/CWBgZF+pnH8rsc1wvj1bBl5\nfUF3KcECA6r1sqKjYiepbWGYaFRaiNss3anBmec7+ulxfidvZOC+yfeJii54GdPM\n/zMJvYcvOVDWcZ4pIvmgrP7CfG82LHPwUGYfVMOIpfjhzcWswfaxjvj2Tv1dS+Yv\nUIam6yaZDby9XJsZblWNI0CEfEdcRl/L1QKCAQBlz11LcnJo051l7t5E9Fa2WKje\nZLA5XRxa+BhSifq/fJh8YqhtbBi6b1LReabM7uG8CPYoHp20UjXl/hEZ3miThZlh\n5wpL93e2EP4AkoHjODNacl7dsu5Tlea/3R8nxhCTTzQgC5juAnjSUj8+bC+Zr+RC\nod9g9xbxLXK7acX+ZKctcuQ4QiwPL6jsy6GVj6HtsCriTHS3HEohrPw0D3JGmVMf\na15maX56TIak3PMNqXtHr5QI3uL/bc8MMNcEFhutIfYNmevqQS6iqZiXYopj1UaU\nKTqTKo+oqHKyZIf00gB8WQFR7buTmceGcdmj1H72xJELJ2qUF1p+xgJUqYxJ\n-----END RSA PRIVATE KEY-----\n",
            "public_key_fingerprint_md5": "46:d2:26:38:91:41:d4:7c:69:ad:2e:e7:40:8c:fe:88",
            "public_key_openssh": "ssh-rsa AAAAB3NzaC1yc2EAAAADAQABAAACAQD1qd9H+53HNSqZWq7gijTipzro7Z+/CTWBgwzTlJxijzp++SiDv6fxcz8lf8p5DLb/ObmznXW5JtXkV/XyvWmXoj/7bdAEvxAcvNj9KbvEshE7g5fsX/U+npCyjugy1T0J2uqFp5Vm0PfLEuLyh5zkNgqiNHQndjm93LnpNJfpKImgnIV1SWgz/HZXq/gFdOr65sqcXHiNEPRzgKrmWmgmn+/errc1DYoe+I+sMF3W/6T3SIArTnD/2j9NfdVaGPMW3cTg/kp+3a6+MCanqG4dQxRsNGvpC3LtSeKArPMQq3i2ta1CUKs1QloHQeh7v/pJWRon1gIh2rul51YhLISmT9kivvMat9tVeUBxSbRDlN1kn/B+L1p6/GVn7QLRVrvdBaKISC3ljxLxeveqcbAqmobrY/ScdiXFOlZwYlOJdYxSsv40gYJ2ai4Kpz6m7k7frDg0MolaCAwqcs+MbDTYVz/zZw/7Ab6VN0bW0LUuLdI1/gXtDTW0kuBAnQ/AHaWdSQRGY2BghOznorTwhVzdi/MySSBoW0PotuK4Oxmfe+9OvIxXOnyQxa2aR+N7e4lFgkv0TAGbnzGeSaSJrN4BtyPAw07AyHS0mYZenUH4/Z8II3+LBeXiw6NWSGU1aZGtK2P8t3WgX2A7DB6Rqx2v5RT+T01VVQD+08aS5V5mZQ==\n",
            "public_key_pem": "-----BEGIN PUBLIC KEY-----\nMIICIjANBgkqhkiG9w0BAQEFAAOCAg8AMIICCgKCAgEA9anfR/udxzUqmVqu4Io0\n4qc66O2fvwk1gYMM05ScYo86fvkog7+n8XM/JX/KeQy2/zm5s511uSbV5Ff18r1p\nl6I/+23QBL8QHLzY/Sm7xLIRO4OX7F/1Pp6Qso7oMtU9CdrqhaeVZtD3yxLi8oec\n5DYKojR0J3Y5vdy56TSX6SiJoJyFdUloM/x2V6v4BXTq+ubKnFx4jRD0c4Cq5lpo\nJp/v3q63NQ2KHviPrDBd1v+k90iAK05w/9o/TX3VWhjzFt3E4P5Kft2uvjAmp6hu\nHUMUbDRr6Qty7UnigKzzEKt4trWtQlCrNUJaB0Hoe7/6SVkaJ9YCIdq7pedWISyE\npk/ZIr7zGrfbVXlAcUm0Q5TdZJ/wfi9aevxlZ+0C0Va73QWiiEgt5Y8S8Xr3qnGw\nKpqG62P0nHYlxTpWcGJTiXWMUrL+NIGCdmouCqc+pu5O36w4NDKJWggMKnLPjGw0\n2Fc/82cP+wG+lTdG1tC1Li3SNf4F7Q01tJLgQJ0PwB2lnUkERmNgYITs56K08IVc\n3YvzMkkgaFtD6LbiuDsZn3vvTryMVzp8kMWtmkfje3uJRYJL9EwBm58xnkmkiaze\nAbcjwMNOwMh0tJmGXp1B+P2fCCN/iwXl4sOjVkhlNWmRrStj/Ld1oF9gOwwekasd\nr+UU/k9NVVUA/tPGkuVeZmUCAwEAAQ==\n-----END PUBLIC KEY-----\n",
            "rsa_bits": 4096
          },
          "private": "bnVsbA=="
        }
      ]
    }
  ]
}
