{
  "version": 4,
  "terraform_version": "0.12.26",
  "serial": 684,
  "lineage": "4e6ed7e5-7abc-20bf-932d-c98ba95a3ad1",
  "outputs": {
    "jumphostpubip": {
      "value": "",
      "type": "string"
    }
  },
  "resources": [
    {
      "mode": "data",
      "type": "azurerm_resources",
      "name": "spokes",
      "provider": "provider.azurerm",
      "instances": [
        {
          "schema_version": 0,
          "attributes": {
            "id": "resource-e1392482-c65b-4ae2-b28b-9b741fd0bfd2",
            "name": null,
            "required_tags": null,
            "resource_group_name": null,
            "resources": [
              {
                "id": "/subscriptions/60c7e748-af46-4ad0-bcdf-0c518aa20c9c/resourceGroups/clus-fmc/providers/Microsoft.Network/virtualNetworks/vnet01",
                "location": "eastus",
                "name": "vnet01",
                "tags": {},
                "type": "Microsoft.Network/virtualNetworks"
              }
            ],
            "timeouts": null,
            "type": "Microsoft.Network/virtualNetworks"
          }
        }
      ]
    },
    {
      "mode": "data",
      "type": "template_file",
      "name": "ftdday0file",
      "provider": "provider.template",
      "instances": [
        {
          "schema_version": 0,
          "attributes": {
            "filename": null,
            "id": "021bbe7e0a16a0ee36f4a9b51170ccb769ea2c1eb3bfcfdbe4a223f01c6d31f1",
            "rendered": "{\n  \"EULA\": \"accept\",\n  \"AdminPassword\": \"M@dhuri123\",\n  \"Hostname\": \"DEVWKS3050\",\n  \"FmcIp\": \"10.0.0.4\",\n  \"FmcRegKey\":\"12345\",\n  \"FirewallMode\": \"routed\",\n  \"ManageLocally\":\"No\"\n}",
            "template": "{\n  \"EULA\": \"accept\",\n  \"AdminPassword\": \"M@dhuri123\",\n  \"Hostname\": \"DEVWKS3050\",\n  \"FmcIp\": \"10.0.0.4\",\n  \"FmcRegKey\":\"12345\",\n  \"FirewallMode\": \"routed\",\n  \"ManageLocally\":\"No\"\n}",
            "vars": null
          }
        }
      ]
    },
    {
      "mode": "managed",
      "type": "azurerm_linux_virtual_machine",
      "name": "ftd",
      "provider": "provider.azurerm",
      "instances": [
        {
          "schema_version": 0,
          "attributes": {
            "additional_capabilities": [],
            "admin_password": "Admin123",
            "admin_ssh_key": [
              {
                "public_key": "ssh-rsa AAAAB3NzaC1yc2EAAAADAQABAAACAQC6uHc2z9sPeM8Z+qtw2yRIPc3jKaR0wtahTb9pKRfkdqzvz6Xq6MnM5fTRPk8EEERRmfrtClUNLHPrPLDyVAVaAruM+aJrTWFbiDfcg3EVLAAg4K1QpSm4OXwfb/36dEYuEKh6SgGkIipW7wQXUtc7DRiL3kgk8ZJrppsNsj/e9wyPjy7fLXx/T2Dub+xDxoOSEDIwjYuzIk/hctZyR3KvhSaYs7boTd9COdX6i4AbycIMiu1ABjlOUUp5JpPbAUybHYUlg8h4FT+HyRQCEflgjA/qs6m7yFINW/DITb8PL5aarq09Wv1aYyiHRwDoQBW4IoCfEe876FnSmQjD3S0nmHON5GcjoyGCzXu1C+Sm/S0llVIf6nIQ/Esh1yCXBY9xlbaGbhH/bum7TpEhkkzptje9c50s0TOx22Cmz3fx2eg+ZAKTXazyOrDMIvoKYfixv4KHIsVxrnZEtAY9kgIPDPq5x+71QxW6rFJp8SpiiTBIyV9/khCmfoLzbjP8+a4MzQ2BOZWzPOvWA6nlWTqeVy/64O5F7LiFaWQDAvw0zOjozndZm35+ViwgWG3oTOIwNi2/7casYvnOiSZDenIrdePnnB7jhQfpxdbdG1YHxp0Hhrhp84FOEVHnAXwT9xOzmoGqTkGQTanHZso7t5LQa1AZukjPzV2izPnsAjxprw==\n",
                "username": "adminuser"
              }
            ],
            "admin_username": "adminuser",
            "allow_extension_operations": true,
            "availability_set_id": "",
            "boot_diagnostics": [],
            "computer_name": "vm-ftd",
            "custom_data": "ewogICJFVUxBIjogImFjY2VwdCIsCiAgIkFkbWluUGFzc3dvcmQiOiAiTUBkaHVyaTEyMyIsCiAgIkhvc3RuYW1lIjogIkRFVldLUzMwNTAiLAogICJGbWNJcCI6ICIxMC4wLjAuNCIsCiAgIkZtY1JlZ0tleSI6IjEyMzQ1IiwKICAiRmlyZXdhbGxNb2RlIjogInJvdXRlZCIsCiAgIk1hbmFnZUxvY2FsbHkiOiJObyIKfQ==",
            "dedicated_host_id": "",
            "disable_password_authentication": false,
            "encryption_at_host_enabled": false,
            "eviction_policy": "",
            "extensions_time_budget": "PT1H30M",
            "id": "/subscriptions/60c7e748-af46-4ad0-bcdf-0c518aa20c9c/resourceGroups/rg-devwks3050/providers/Microsoft.Compute/virtualMachines/ftd-devwks3050",
            "identity": [],
            "license_type": "",
            "location": "eastus",
            "max_bid_price": -1,
            "name": "ftd-devwks3050",
            "network_interface_ids": [
              "/subscriptions/60c7e748-af46-4ad0-bcdf-0c518aa20c9c/resourceGroups/rg-devwks3050/providers/Microsoft.Network/networkInterfaces/nic-mgmt-ftd--devwks3050",
              "/subscriptions/60c7e748-af46-4ad0-bcdf-0c518aa20c9c/resourceGroups/rg-devwks3050/providers/Microsoft.Network/networkInterfaces/nic-diag-ftd--devwks3050",
              "/subscriptions/60c7e748-af46-4ad0-bcdf-0c518aa20c9c/resourceGroups/rg-devwks3050/providers/Microsoft.Network/networkInterfaces/nic-inside-ftd--devwks3050",
              "/subscriptions/60c7e748-af46-4ad0-bcdf-0c518aa20c9c/resourceGroups/rg-devwks3050/providers/Microsoft.Network/networkInterfaces/nic-outside-ftd--devwks3050"
            ],
            "os_disk": [
              {
                "caching": "ReadWrite",
                "diff_disk_settings": [],
                "disk_encryption_set_id": "",
                "disk_size_gb": 49,
                "name": "disk-ftd-devwks3050",
                "storage_account_type": "Standard_LRS",
                "write_accelerator_enabled": false
              }
            ],
            "plan": [
              {
                "name": "ftdv-azure-payg",
                "product": "cisco-ftdv",
                "publisher": "cisco"
              }
            ],
            "platform_fault_domain": -1,
            "priority": "Regular",
            "private_ip_address": "10.121.10.6",
            "private_ip_addresses": [
              "10.121.10.6",
              "10.121.11.4",
              "10.121.12.5",
              "10.121.13.4"
            ],
            "provision_vm_agent": true,
            "proximity_placement_group_id": "",
            "public_ip_address": "",
            "public_ip_addresses": [],
            "resource_group_name": "rg-devwks3050",
            "secret": [],
            "size": "Standard_D4_v2",
            "source_image_id": "",
            "source_image_reference": [
              {
                "offer": "cisco-ftdv",
                "publisher": "cisco",
                "sku": "ftdv-azure-payg",
                "version": "71092.0.0"
              }
            ],
            "tags": null,
            "timeouts": null,
            "virtual_machine_id": "b68f7acc-39fb-4376-8c39-4aec27b36ab1",
            "virtual_machine_scale_set_id": "",
            "zone": ""
          },
          "private": "eyJlMmJmYjczMC1lY2FhLTExZTYtOGY4OC0zNDM2M2JjN2M0YzAiOnsiY3JlYXRlIjoyNzAwMDAwMDAwMDAwLCJkZWxldGUiOjI3MDAwMDAwMDAwMDAsInJlYWQiOjMwMDAwMDAwMDAwMCwidXBkYXRlIjoyNzAwMDAwMDAwMDAwfX0=",
          "dependencies": [
            "azurerm_network_interface.nicdiagftd",
            "azurerm_network_interface.nicinsideftd",
            "azurerm_network_interface.nicmgmtftd",
            "azurerm_network_interface.nicoutsideftd",
            "azurerm_resource_group.rg",
            "azurerm_subnet.diagsubnet",
            "azurerm_subnet.insidesubnet",
            "azurerm_subnet.mgmtsubnet",
            "azurerm_subnet.outsidesubnet",
            "azurerm_virtual_network.vnet",
            "tls_private_key.common"
          ]
        }
      ]
    },
    {
      "mode": "managed",
      "type": "azurerm_linux_virtual_machine",
      "name": "insidehost",
      "provider": "provider.azurerm",
      "instances": [
        {
          "schema_version": 0,
          "attributes": {
            "additional_capabilities": [],
            "admin_password": "Password123!",
            "admin_ssh_key": [],
            "admin_username": "adminuser",
            "allow_extension_operations": true,
            "availability_set_id": "",
            "boot_diagnostics": [],
            "computer_name": "insidehost",
            "custom_data": null,
            "dedicated_host_id": "",
            "disable_password_authentication": false,
            "encryption_at_host_enabled": false,
            "eviction_policy": "",
            "extensions_time_budget": "PT1H30M",
            "id": "/subscriptions/60c7e748-af46-4ad0-bcdf-0c518aa20c9c/resourceGroups/rg-devwks3050/providers/Microsoft.Compute/virtualMachines/insidehost",
            "identity": [],
            "license_type": "",
            "location": "eastus",
            "max_bid_price": -1,
            "name": "insidehost",
            "network_interface_ids": [
              "/subscriptions/60c7e748-af46-4ad0-bcdf-0c518aa20c9c/resourceGroups/rg-devwks3050/providers/Microsoft.Network/networkInterfaces/nic-inside-host--devwks3050"
            ],
            "os_disk": [
              {
                "caching": "ReadWrite",
                "diff_disk_settings": [],
                "disk_encryption_set_id": "",
                "disk_size_gb": 30,
                "name": "disk-inside-devwks3050",
                "storage_account_type": "Standard_LRS",
                "write_accelerator_enabled": false
              }
            ],
            "plan": [],
            "platform_fault_domain": -1,
            "priority": "Regular",
            "private_ip_address": "10.121.12.4",
            "private_ip_addresses": [
              "10.121.12.4"
            ],
            "provision_vm_agent": true,
            "proximity_placement_group_id": "",
            "public_ip_address": "",
            "public_ip_addresses": [],
            "resource_group_name": "rg-devwks3050",
            "secret": [],
            "size": "Standard_DS2_v2",
            "source_image_id": "",
            "source_image_reference": [
              {
                "offer": "UbuntuServer",
                "publisher": "Canonical",
                "sku": "18.04-LTS",
                "version": "latest"
              }
            ],
            "tags": null,
            "timeouts": null,
            "virtual_machine_id": "5ce98cdf-c767-4487-8f49-975aed8cde89",
            "virtual_machine_scale_set_id": "",
            "zone": ""
          },
          "private": "eyJlMmJmYjczMC1lY2FhLTExZTYtOGY4OC0zNDM2M2JjN2M0YzAiOnsiY3JlYXRlIjoyNzAwMDAwMDAwMDAwLCJkZWxldGUiOjI3MDAwMDAwMDAwMDAsInJlYWQiOjMwMDAwMDAwMDAwMCwidXBkYXRlIjoyNzAwMDAwMDAwMDAwfX0=",
          "dependencies": [
            "azurerm_network_interface.nicinsidehost",
            "azurerm_resource_group.rg",
            "azurerm_subnet.insidesubnet",
            "azurerm_virtual_network.vnet"
          ]
        }
      ]
    },
    {
      "mode": "managed",
      "type": "azurerm_network_interface",
      "name": "nicdiagftd",
      "provider": "provider.azurerm",
      "instances": [
        {
          "schema_version": 0,
          "attributes": {
            "applied_dns_servers": [],
            "dns_servers": [],
            "enable_accelerated_networking": false,
            "enable_ip_forwarding": false,
            "id": "/subscriptions/60c7e748-af46-4ad0-bcdf-0c518aa20c9c/resourceGroups/rg-devwks3050/providers/Microsoft.Network/networkInterfaces/nic-diag-ftd--devwks3050",
            "internal_dns_name_label": "",
            "internal_domain_name_suffix": "2mg5zyqwsmbehppraj4kqhvdmh.bx.internal.cloudapp.net",
            "ip_configuration": [
              {
                "name": "ipconfig-diag-ftd-devwks3050",
                "primary": true,
                "private_ip_address": "10.121.11.4",
                "private_ip_address_allocation": "Dynamic",
                "private_ip_address_version": "IPv4",
                "public_ip_address_id": "",
                "subnet_id": "/subscriptions/60c7e748-af46-4ad0-bcdf-0c518aa20c9c/resourceGroups/rg-devwks3050/providers/Microsoft.Network/virtualNetworks/vnet-devwks3050/subnets/subnet-diag-devwks3050"
              }
            ],
            "location": "eastus",
            "mac_address": "",
            "name": "nic-diag-ftd--devwks3050",
            "private_ip_address": "10.121.11.4",
            "private_ip_addresses": [
              "10.121.11.4"
            ],
            "resource_group_name": "rg-devwks3050",
            "tags": null,
            "timeouts": null,
            "virtual_machine_id": ""
          },
          "private": "eyJlMmJmYjczMC1lY2FhLTExZTYtOGY4OC0zNDM2M2JjN2M0YzAiOnsiY3JlYXRlIjoxODAwMDAwMDAwMDAwLCJkZWxldGUiOjE4MDAwMDAwMDAwMDAsInJlYWQiOjMwMDAwMDAwMDAwMCwidXBkYXRlIjoxODAwMDAwMDAwMDAwfX0=",
          "dependencies": [
            "azurerm_resource_group.rg",
            "azurerm_subnet.diagsubnet",
            "azurerm_virtual_network.vnet"
          ]
        }
      ]
    },
    {
      "mode": "managed",
      "type": "azurerm_network_interface",
      "name": "nicinsideftd",
      "provider": "provider.azurerm",
      "instances": [
        {
          "schema_version": 0,
          "attributes": {
            "applied_dns_servers": [],
            "dns_servers": [],
            "enable_accelerated_networking": false,
            "enable_ip_forwarding": false,
            "id": "/subscriptions/60c7e748-af46-4ad0-bcdf-0c518aa20c9c/resourceGroups/rg-devwks3050/providers/Microsoft.Network/networkInterfaces/nic-inside-ftd--devwks3050",
            "internal_dns_name_label": "",
            "internal_domain_name_suffix": "2mg5zyqwsmbehppraj4kqhvdmh.bx.internal.cloudapp.net",
            "ip_configuration": [
              {
                "name": "ipconfig-inside-ftd-devwks3050",
                "primary": true,
                "private_ip_address": "10.121.12.5",
                "private_ip_address_allocation": "Dynamic",
                "private_ip_address_version": "IPv4",
                "public_ip_address_id": "",
                "subnet_id": "/subscriptions/60c7e748-af46-4ad0-bcdf-0c518aa20c9c/resourceGroups/rg-devwks3050/providers/Microsoft.Network/virtualNetworks/vnet-devwks3050/subnets/subnet-inside-devwks3050"
              }
            ],
            "location": "eastus",
            "mac_address": "",
            "name": "nic-inside-ftd--devwks3050",
            "private_ip_address": "10.121.12.5",
            "private_ip_addresses": [
              "10.121.12.5"
            ],
            "resource_group_name": "rg-devwks3050",
            "tags": null,
            "timeouts": null,
            "virtual_machine_id": ""
          },
          "private": "eyJlMmJmYjczMC1lY2FhLTExZTYtOGY4OC0zNDM2M2JjN2M0YzAiOnsiY3JlYXRlIjoxODAwMDAwMDAwMDAwLCJkZWxldGUiOjE4MDAwMDAwMDAwMDAsInJlYWQiOjMwMDAwMDAwMDAwMCwidXBkYXRlIjoxODAwMDAwMDAwMDAwfX0=",
          "dependencies": [
            "azurerm_resource_group.rg",
            "azurerm_subnet.insidesubnet",
            "azurerm_virtual_network.vnet"
          ]
        }
      ]
    },
    {
      "mode": "managed",
      "type": "azurerm_network_interface",
      "name": "nicinsidehost",
      "provider": "provider.azurerm",
      "instances": [
        {
          "schema_version": 0,
          "attributes": {
            "applied_dns_servers": [],
            "dns_servers": [],
            "enable_accelerated_networking": false,
            "enable_ip_forwarding": false,
            "id": "/subscriptions/60c7e748-af46-4ad0-bcdf-0c518aa20c9c/resourceGroups/rg-devwks3050/providers/Microsoft.Network/networkInterfaces/nic-inside-host--devwks3050",
            "internal_dns_name_label": "",
            "internal_domain_name_suffix": "2mg5zyqwsmbehppraj4kqhvdmh.bx.internal.cloudapp.net",
            "ip_configuration": [
              {
                "name": "ipconfig-insidehost-devwks3050",
                "primary": true,
                "private_ip_address": "10.121.12.4",
                "private_ip_address_allocation": "Dynamic",
                "private_ip_address_version": "IPv4",
                "public_ip_address_id": "",
                "subnet_id": "/subscriptions/60c7e748-af46-4ad0-bcdf-0c518aa20c9c/resourceGroups/rg-devwks3050/providers/Microsoft.Network/virtualNetworks/vnet-devwks3050/subnets/subnet-inside-devwks3050"
              }
            ],
            "location": "eastus",
            "mac_address": "",
            "name": "nic-inside-host--devwks3050",
            "private_ip_address": "10.121.12.4",
            "private_ip_addresses": [
              "10.121.12.4"
            ],
            "resource_group_name": "rg-devwks3050",
            "tags": null,
            "timeouts": null,
            "virtual_machine_id": ""
          },
          "private": "eyJlMmJmYjczMC1lY2FhLTExZTYtOGY4OC0zNDM2M2JjN2M0YzAiOnsiY3JlYXRlIjoxODAwMDAwMDAwMDAwLCJkZWxldGUiOjE4MDAwMDAwMDAwMDAsInJlYWQiOjMwMDAwMDAwMDAwMCwidXBkYXRlIjoxODAwMDAwMDAwMDAwfX0=",
          "dependencies": [
            "azurerm_resource_group.rg",
            "azurerm_subnet.insidesubnet",
            "azurerm_virtual_network.vnet"
          ]
        }
      ]
    },
    {
      "mode": "managed",
      "type": "azurerm_network_interface",
      "name": "nicmgmtftd",
      "provider": "provider.azurerm",
      "instances": [
        {
          "schema_version": 0,
          "attributes": {
            "applied_dns_servers": [],
            "dns_servers": [],
            "enable_accelerated_networking": false,
            "enable_ip_forwarding": false,
            "id": "/subscriptions/60c7e748-af46-4ad0-bcdf-0c518aa20c9c/resourceGroups/rg-devwks3050/providers/Microsoft.Network/networkInterfaces/nic-mgmt-ftd--devwks3050",
            "internal_dns_name_label": "",
            "internal_domain_name_suffix": "2mg5zyqwsmbehppraj4kqhvdmh.bx.internal.cloudapp.net",
            "ip_configuration": [
              {
                "name": "ipconfig-mgmt-ftd-devwks3050",
                "primary": true,
                "private_ip_address": "10.121.10.6",
                "private_ip_address_allocation": "Static",
                "private_ip_address_version": "IPv4",
                "public_ip_address_id": "",
                "subnet_id": "/subscriptions/60c7e748-af46-4ad0-bcdf-0c518aa20c9c/resourceGroups/rg-devwks3050/providers/Microsoft.Network/virtualNetworks/vnet-devwks3050/subnets/subnet-mgmt-devwks3050"
              }
            ],
            "location": "eastus",
            "mac_address": "",
            "name": "nic-mgmt-ftd--devwks3050",
            "private_ip_address": "10.121.10.6",
            "private_ip_addresses": [
              "10.121.10.6"
            ],
            "resource_group_name": "rg-devwks3050",
            "tags": null,
            "timeouts": null,
            "virtual_machine_id": ""
          },
          "private": "eyJlMmJmYjczMC1lY2FhLTExZTYtOGY4OC0zNDM2M2JjN2M0YzAiOnsiY3JlYXRlIjoxODAwMDAwMDAwMDAwLCJkZWxldGUiOjE4MDAwMDAwMDAwMDAsInJlYWQiOjMwMDAwMDAwMDAwMCwidXBkYXRlIjoxODAwMDAwMDAwMDAwfX0=",
          "dependencies": [
            "azurerm_resource_group.rg",
            "azurerm_subnet.mgmtsubnet",
            "azurerm_virtual_network.vnet"
          ]
        }
      ]
    },
    {
      "mode": "managed",
      "type": "azurerm_network_interface",
      "name": "nicmgmtjumphost",
      "provider": "provider.azurerm",
      "instances": [
        {
          "schema_version": 0,
          "attributes": {
            "applied_dns_servers": [],
            "dns_servers": [],
            "enable_accelerated_networking": false,
            "enable_ip_forwarding": false,
            "id": "/subscriptions/60c7e748-af46-4ad0-bcdf-0c518aa20c9c/resourceGroups/rg-devwks3050/providers/Microsoft.Network/networkInterfaces/nic-mgmt-jumphost-devwks3050",
            "internal_dns_name_label": "",
            "internal_domain_name_suffix": "2mg5zyqwsmbehppraj4kqhvdmh.bx.internal.cloudapp.net",
            "ip_configuration": [
              {
                "name": "ipconfig-mgmt-jumphost-devwks3050",
                "primary": true,
                "private_ip_address": "10.121.10.5",
                "private_ip_address_allocation": "Static",
                "private_ip_address_version": "IPv4",
                "public_ip_address_id": "/subscriptions/60c7e748-af46-4ad0-bcdf-0c518aa20c9c/resourceGroups/rg-devwks3050/providers/Microsoft.Network/publicIPAddresses/jumphost-pip-devwks3050",
                "subnet_id": "/subscriptions/60c7e748-af46-4ad0-bcdf-0c518aa20c9c/resourceGroups/rg-devwks3050/providers/Microsoft.Network/virtualNetworks/vnet-devwks3050/subnets/subnet-mgmt-devwks3050"
              }
            ],
            "location": "eastus",
            "mac_address": "",
            "name": "nic-mgmt-jumphost-devwks3050",
            "private_ip_address": "10.121.10.5",
            "private_ip_addresses": [
              "10.121.10.5"
            ],
            "resource_group_name": "rg-devwks3050",
            "tags": null,
            "timeouts": null,
            "virtual_machine_id": ""
          },
          "private": "eyJlMmJmYjczMC1lY2FhLTExZTYtOGY4OC0zNDM2M2JjN2M0YzAiOnsiY3JlYXRlIjoxODAwMDAwMDAwMDAwLCJkZWxldGUiOjE4MDAwMDAwMDAwMDAsInJlYWQiOjMwMDAwMDAwMDAwMCwidXBkYXRlIjoxODAwMDAwMDAwMDAwfX0=",
          "dependencies": [
            "azurerm_public_ip.jumphost",
            "azurerm_resource_group.rg",
            "azurerm_subnet.mgmtsubnet",
            "azurerm_virtual_network.vnet"
          ]
        }
      ]
    },
    {
      "mode": "managed",
      "type": "azurerm_network_interface",
      "name": "nicoutsideftd",
      "provider": "provider.azurerm",
      "instances": [
        {
          "schema_version": 0,
          "attributes": {
            "applied_dns_servers": [],
            "dns_servers": [],
            "enable_accelerated_networking": false,
            "enable_ip_forwarding": false,
            "id": "/subscriptions/60c7e748-af46-4ad0-bcdf-0c518aa20c9c/resourceGroups/rg-devwks3050/providers/Microsoft.Network/networkInterfaces/nic-outside-ftd--devwks3050",
            "internal_dns_name_label": "",
            "internal_domain_name_suffix": "2mg5zyqwsmbehppraj4kqhvdmh.bx.internal.cloudapp.net",
            "ip_configuration": [
              {
                "name": "ipconfig-outside-ftd-devwks3050",
                "primary": true,
                "private_ip_address": "10.121.13.4",
                "private_ip_address_allocation": "Dynamic",
                "private_ip_address_version": "IPv4",
                "public_ip_address_id": "",
                "subnet_id": "/subscriptions/60c7e748-af46-4ad0-bcdf-0c518aa20c9c/resourceGroups/rg-devwks3050/providers/Microsoft.Network/virtualNetworks/vnet-devwks3050/subnets/subnet-outside-devwks3050"
              }
            ],
            "location": "eastus",
            "mac_address": "",
            "name": "nic-outside-ftd--devwks3050",
            "private_ip_address": "10.121.13.4",
            "private_ip_addresses": [
              "10.121.13.4"
            ],
            "resource_group_name": "rg-devwks3050",
            "tags": null,
            "timeouts": null,
            "virtual_machine_id": ""
          },
          "private": "eyJlMmJmYjczMC1lY2FhLTExZTYtOGY4OC0zNDM2M2JjN2M0YzAiOnsiY3JlYXRlIjoxODAwMDAwMDAwMDAwLCJkZWxldGUiOjE4MDAwMDAwMDAwMDAsInJlYWQiOjMwMDAwMDAwMDAwMCwidXBkYXRlIjoxODAwMDAwMDAwMDAwfX0=",
          "dependencies": [
            "azurerm_resource_group.rg",
            "azurerm_subnet.outsidesubnet",
            "azurerm_virtual_network.vnet"
          ]
        }
      ]
    },
    {
      "mode": "managed",
      "type": "azurerm_network_interface_security_group_association",
      "name": "FTDv_NIC0_NSG",
      "provider": "provider.azurerm",
      "instances": [
        {
          "schema_version": 0,
          "attributes": {
            "id": "/subscriptions/60c7e748-af46-4ad0-bcdf-0c518aa20c9c/resourceGroups/rg-devwks3050/providers/Microsoft.Network/networkInterfaces/nic-mgmt-ftd--devwks3050|/subscriptions/60c7e748-af46-4ad0-bcdf-0c518aa20c9c/resourceGroups/rg-devwks3050/providers/Microsoft.Network/networkSecurityGroups/devwks3050-allow-all",
            "network_interface_id": "/subscriptions/60c7e748-af46-4ad0-bcdf-0c518aa20c9c/resourceGroups/rg-devwks3050/providers/Microsoft.Network/networkInterfaces/nic-mgmt-ftd--devwks3050",
            "network_security_group_id": "/subscriptions/60c7e748-af46-4ad0-bcdf-0c518aa20c9c/resourceGroups/rg-devwks3050/providers/Microsoft.Network/networkSecurityGroups/devwks3050-allow-all",
            "timeouts": null
          },
          "private": "eyJlMmJmYjczMC1lY2FhLTExZTYtOGY4OC0zNDM2M2JjN2M0YzAiOnsiY3JlYXRlIjoxODAwMDAwMDAwMDAwLCJkZWxldGUiOjE4MDAwMDAwMDAwMDAsInJlYWQiOjMwMDAwMDAwMDAwMCwidXBkYXRlIjoxODAwMDAwMDAwMDAwfX0=",
          "dependencies": [
            "azurerm_network_interface.nicmgmtftd",
            "azurerm_network_security_group.allow-all",
            "azurerm_resource_group.rg",
            "azurerm_subnet.mgmtsubnet",
            "azurerm_virtual_network.vnet"
          ]
        }
      ]
    },
    {
      "mode": "managed",
      "type": "azurerm_network_interface_security_group_association",
      "name": "FTDv_NIC1_NSG",
      "provider": "provider.azurerm",
      "instances": [
        {
          "schema_version": 0,
          "attributes": {
            "id": "/subscriptions/60c7e748-af46-4ad0-bcdf-0c518aa20c9c/resourceGroups/rg-devwks3050/providers/Microsoft.Network/networkInterfaces/nic-diag-ftd--devwks3050|/subscriptions/60c7e748-af46-4ad0-bcdf-0c518aa20c9c/resourceGroups/rg-devwks3050/providers/Microsoft.Network/networkSecurityGroups/devwks3050-allow-all",
            "network_interface_id": "/subscriptions/60c7e748-af46-4ad0-bcdf-0c518aa20c9c/resourceGroups/rg-devwks3050/providers/Microsoft.Network/networkInterfaces/nic-diag-ftd--devwks3050",
            "network_security_group_id": "/subscriptions/60c7e748-af46-4ad0-bcdf-0c518aa20c9c/resourceGroups/rg-devwks3050/providers/Microsoft.Network/networkSecurityGroups/devwks3050-allow-all",
            "timeouts": null
          },
          "private": "eyJlMmJmYjczMC1lY2FhLTExZTYtOGY4OC0zNDM2M2JjN2M0YzAiOnsiY3JlYXRlIjoxODAwMDAwMDAwMDAwLCJkZWxldGUiOjE4MDAwMDAwMDAwMDAsInJlYWQiOjMwMDAwMDAwMDAwMCwidXBkYXRlIjoxODAwMDAwMDAwMDAwfX0=",
          "dependencies": [
            "azurerm_network_interface.nicdiagftd",
            "azurerm_network_security_group.allow-all",
            "azurerm_resource_group.rg",
            "azurerm_subnet.diagsubnet",
            "azurerm_virtual_network.vnet"
          ]
        }
      ]
    },
    {
      "mode": "managed",
      "type": "azurerm_network_security_group",
      "name": "allow-all",
      "provider": "provider.azurerm",
      "instances": [
        {
          "schema_version": 0,
          "attributes": {
            "id": "/subscriptions/60c7e748-af46-4ad0-bcdf-0c518aa20c9c/resourceGroups/rg-devwks3050/providers/Microsoft.Network/networkSecurityGroups/devwks3050-allow-all",
            "location": "eastus",
            "name": "devwks3050-allow-all",
            "resource_group_name": "rg-devwks3050",
            "security_rule": [
              {
                "access": "Allow",
                "description": "",
                "destination_address_prefix": "*",
                "destination_address_prefixes": [],
                "destination_application_security_group_ids": [],
                "destination_port_range": "*",
                "destination_port_ranges": [],
                "direction": "Outbound",
                "name": "Outbound-Allow-All",
                "priority": 1002,
                "protocol": "*",
                "source_address_prefix": "*",
                "source_address_prefixes": [],
                "source_application_security_group_ids": [],
                "source_port_range": "*",
                "source_port_ranges": []
              },
              {
                "access": "Allow",
                "description": "",
                "destination_address_prefix": "*",
                "destination_address_prefixes": [],
                "destination_application_security_group_ids": [],
                "destination_port_range": "22-8305",
                "destination_port_ranges": [],
                "direction": "Inbound",
                "name": "TCP-Allow-All",
                "priority": 1001,
                "protocol": "tcp",
                "source_address_prefix": "*",
                "source_address_prefixes": [],
                "source_application_security_group_ids": [],
                "source_port_range": "*",
                "source_port_ranges": []
              }
            ],
            "tags": null,
            "timeouts": null
          },
          "private": "eyJlMmJmYjczMC1lY2FhLTExZTYtOGY4OC0zNDM2M2JjN2M0YzAiOnsiY3JlYXRlIjoxODAwMDAwMDAwMDAwLCJkZWxldGUiOjE4MDAwMDAwMDAwMDAsInJlYWQiOjMwMDAwMDAwMDAwMCwidXBkYXRlIjoxODAwMDAwMDAwMDAwfX0=",
          "dependencies": [
            "azurerm_resource_group.rg"
          ]
        }
      ]
    },
    {
      "mode": "managed",
      "type": "azurerm_public_ip",
      "name": "jumphost",
      "provider": "provider.azurerm",
      "instances": [
        {
          "schema_version": 0,
          "attributes": {
            "allocation_method": "Dynamic",
            "domain_name_label": null,
            "fqdn": null,
            "id": "/subscriptions/60c7e748-af46-4ad0-bcdf-0c518aa20c9c/resourceGroups/rg-devwks3050/providers/Microsoft.Network/publicIPAddresses/jumphost-pip-devwks3050",
            "idle_timeout_in_minutes": 4,
            "ip_address": "",
            "ip_version": "IPv4",
            "location": "eastus",
            "name": "jumphost-pip-devwks3050",
            "public_ip_prefix_id": null,
            "resource_group_name": "rg-devwks3050",
            "reverse_fqdn": null,
            "sku": "Basic",
            "tags": null,
            "timeouts": null,
            "zones": null
          },
          "private": "eyJlMmJmYjczMC1lY2FhLTExZTYtOGY4OC0zNDM2M2JjN2M0YzAiOnsiY3JlYXRlIjoxODAwMDAwMDAwMDAwLCJkZWxldGUiOjE4MDAwMDAwMDAwMDAsInJlYWQiOjMwMDAwMDAwMDAwMCwidXBkYXRlIjoxODAwMDAwMDAwMDAwfX0=",
          "dependencies": [
            "azurerm_resource_group.rg"
          ]
        }
      ]
    },
    {
      "mode": "managed",
      "type": "azurerm_resource_group",
      "name": "rg",
      "provider": "provider.azurerm",
      "instances": [
        {
          "schema_version": 0,
          "attributes": {
            "id": "/subscriptions/60c7e748-af46-4ad0-bcdf-0c518aa20c9c/resourceGroups/rg-devwks3050",
            "location": "eastus",
            "name": "rg-devwks3050",
            "tags": null,
            "timeouts": null
          },
          "private": "eyJlMmJmYjczMC1lY2FhLTExZTYtOGY4OC0zNDM2M2JjN2M0YzAiOnsiY3JlYXRlIjo1NDAwMDAwMDAwMDAwLCJkZWxldGUiOjU0MDAwMDAwMDAwMDAsInJlYWQiOjMwMDAwMDAwMDAwMCwidXBkYXRlIjo1NDAwMDAwMDAwMDAwfX0="
        }
      ]
    },
    {
      "mode": "managed",
      "type": "azurerm_route_table",
      "name": "FTD_NIC2",
      "provider": "provider.azurerm",
      "instances": [
        {
          "schema_version": 0,
          "attributes": {
            "disable_bgp_route_propagation": false,
            "id": "/subscriptions/60c7e748-af46-4ad0-bcdf-0c518aa20c9c/resourceGroups/rg-devwks3050/providers/Microsoft.Network/routeTables/devwks3050-RT-Subnet2",
            "location": "eastus",
            "name": "devwks3050-RT-Subnet2",
            "resource_group_name": "rg-devwks3050",
            "route": [
              {
                "address_prefix": "0.0.0.0/0",
                "name": "default_inside_route",
                "next_hop_in_ip_address": "10.121.12.4",
                "next_hop_type": "VirtualAppliance"
              }
            ],
            "subnets": [],
            "tags": null,
            "timeouts": null
          },
          "private": "eyJlMmJmYjczMC1lY2FhLTExZTYtOGY4OC0zNDM2M2JjN2M0YzAiOnsiY3JlYXRlIjoxODAwMDAwMDAwMDAwLCJkZWxldGUiOjE4MDAwMDAwMDAwMDAsInJlYWQiOjMwMDAwMDAwMDAwMCwidXBkYXRlIjoxODAwMDAwMDAwMDAwfX0=",
          "dependencies": [
            "azurerm_network_interface.nicinsidehost",
            "azurerm_resource_group.rg",
            "azurerm_subnet.insidesubnet",
            "azurerm_virtual_network.vnet"
          ]
        }
      ]
    },
    {
      "mode": "managed",
      "type": "azurerm_route_table",
      "name": "FTD_NIC3",
      "provider": "provider.azurerm",
      "instances": [
        {
          "schema_version": 0,
          "attributes": {
            "disable_bgp_route_propagation": false,
            "id": "/subscriptions/60c7e748-af46-4ad0-bcdf-0c518aa20c9c/resourceGroups/rg-devwks3050/providers/Microsoft.Network/routeTables/devwks3050-RT-Subnet3",
            "location": "eastus",
            "name": "devwks3050-RT-Subnet3",
            "resource_group_name": "rg-devwks3050",
            "route": [
              {
                "address_prefix": "10.121.12.0/24",
                "name": "forward_to_inside",
                "next_hop_in_ip_address": "10.121.13.4",
                "next_hop_type": "VirtualAppliance"
              }
            ],
            "subnets": [],
            "tags": null,
            "timeouts": null
          },
          "private": "eyJlMmJmYjczMC1lY2FhLTExZTYtOGY4OC0zNDM2M2JjN2M0YzAiOnsiY3JlYXRlIjoxODAwMDAwMDAwMDAwLCJkZWxldGUiOjE4MDAwMDAwMDAwMDAsInJlYWQiOjMwMDAwMDAwMDAwMCwidXBkYXRlIjoxODAwMDAwMDAwMDAwfX0=",
          "dependencies": [
            "azurerm_network_interface.nicoutsideftd",
            "azurerm_resource_group.rg",
            "azurerm_subnet.outsidesubnet",
            "azurerm_virtual_network.vnet"
          ]
        }
      ]
    },
    {
      "mode": "managed",
      "type": "azurerm_subnet",
      "name": "diagsubnet",
      "provider": "provider.azurerm",
      "instances": [
        {
          "schema_version": 0,
          "attributes": {
            "address_prefix": "10.121.11.0/24",
            "address_prefixes": [
              "10.121.11.0/24"
            ],
            "delegation": [],
            "enforce_private_link_endpoint_network_policies": false,
            "enforce_private_link_service_network_policies": false,
            "id": "/subscriptions/60c7e748-af46-4ad0-bcdf-0c518aa20c9c/resourceGroups/rg-devwks3050/providers/Microsoft.Network/virtualNetworks/vnet-devwks3050/subnets/subnet-diag-devwks3050",
            "name": "subnet-diag-devwks3050",
            "resource_group_name": "rg-devwks3050",
            "service_endpoint_policy_ids": null,
            "service_endpoints": null,
            "timeouts": null,
            "virtual_network_name": "vnet-devwks3050"
          },
          "private": "eyJlMmJmYjczMC1lY2FhLTExZTYtOGY4OC0zNDM2M2JjN2M0YzAiOnsiY3JlYXRlIjoxODAwMDAwMDAwMDAwLCJkZWxldGUiOjE4MDAwMDAwMDAwMDAsInJlYWQiOjMwMDAwMDAwMDAwMCwidXBkYXRlIjoxODAwMDAwMDAwMDAwfX0=",
          "dependencies": [
            "azurerm_resource_group.rg",
            "azurerm_virtual_network.vnet"
          ]
        }
      ]
    },
    {
      "mode": "managed",
      "type": "azurerm_subnet",
      "name": "insidesubnet",
      "provider": "provider.azurerm",
      "instances": [
        {
          "schema_version": 0,
          "attributes": {
            "address_prefix": "10.121.12.0/24",
            "address_prefixes": [
              "10.121.12.0/24"
            ],
            "delegation": [],
            "enforce_private_link_endpoint_network_policies": false,
            "enforce_private_link_service_network_policies": false,
            "id": "/subscriptions/60c7e748-af46-4ad0-bcdf-0c518aa20c9c/resourceGroups/rg-devwks3050/providers/Microsoft.Network/virtualNetworks/vnet-devwks3050/subnets/subnet-inside-devwks3050",
            "name": "subnet-inside-devwks3050",
            "resource_group_name": "rg-devwks3050",
            "service_endpoint_policy_ids": null,
            "service_endpoints": null,
            "timeouts": null,
            "virtual_network_name": "vnet-devwks3050"
          },
          "private": "eyJlMmJmYjczMC1lY2FhLTExZTYtOGY4OC0zNDM2M2JjN2M0YzAiOnsiY3JlYXRlIjoxODAwMDAwMDAwMDAwLCJkZWxldGUiOjE4MDAwMDAwMDAwMDAsInJlYWQiOjMwMDAwMDAwMDAwMCwidXBkYXRlIjoxODAwMDAwMDAwMDAwfX0=",
          "dependencies": [
            "azurerm_resource_group.rg",
            "azurerm_virtual_network.vnet"
          ]
        }
      ]
    },
    {
      "mode": "managed",
      "type": "azurerm_subnet",
      "name": "mgmtsubnet",
      "provider": "provider.azurerm",
      "instances": [
        {
          "schema_version": 0,
          "attributes": {
            "address_prefix": "10.121.10.0/24",
            "address_prefixes": [
              "10.121.10.0/24"
            ],
            "delegation": [],
            "enforce_private_link_endpoint_network_policies": false,
            "enforce_private_link_service_network_policies": false,
            "id": "/subscriptions/60c7e748-af46-4ad0-bcdf-0c518aa20c9c/resourceGroups/rg-devwks3050/providers/Microsoft.Network/virtualNetworks/vnet-devwks3050/subnets/subnet-mgmt-devwks3050",
            "name": "subnet-mgmt-devwks3050",
            "resource_group_name": "rg-devwks3050",
            "service_endpoint_policy_ids": null,
            "service_endpoints": null,
            "timeouts": null,
            "virtual_network_name": "vnet-devwks3050"
          },
          "private": "eyJlMmJmYjczMC1lY2FhLTExZTYtOGY4OC0zNDM2M2JjN2M0YzAiOnsiY3JlYXRlIjoxODAwMDAwMDAwMDAwLCJkZWxldGUiOjE4MDAwMDAwMDAwMDAsInJlYWQiOjMwMDAwMDAwMDAwMCwidXBkYXRlIjoxODAwMDAwMDAwMDAwfX0=",
          "dependencies": [
            "azurerm_resource_group.rg",
            "azurerm_virtual_network.vnet"
          ]
        }
      ]
    },
    {
      "mode": "managed",
      "type": "azurerm_subnet",
      "name": "outsidesubnet",
      "provider": "provider.azurerm",
      "instances": [
        {
          "schema_version": 0,
          "attributes": {
            "address_prefix": "10.121.13.0/24",
            "address_prefixes": [
              "10.121.13.0/24"
            ],
            "delegation": [],
            "enforce_private_link_endpoint_network_policies": false,
            "enforce_private_link_service_network_policies": false,
            "id": "/subscriptions/60c7e748-af46-4ad0-bcdf-0c518aa20c9c/resourceGroups/rg-devwks3050/providers/Microsoft.Network/virtualNetworks/vnet-devwks3050/subnets/subnet-outside-devwks3050",
            "name": "subnet-outside-devwks3050",
            "resource_group_name": "rg-devwks3050",
            "service_endpoint_policy_ids": null,
            "service_endpoints": null,
            "timeouts": null,
            "virtual_network_name": "vnet-devwks3050"
          },
          "private": "eyJlMmJmYjczMC1lY2FhLTExZTYtOGY4OC0zNDM2M2JjN2M0YzAiOnsiY3JlYXRlIjoxODAwMDAwMDAwMDAwLCJkZWxldGUiOjE4MDAwMDAwMDAwMDAsInJlYWQiOjMwMDAwMDAwMDAwMCwidXBkYXRlIjoxODAwMDAwMDAwMDAwfX0=",
          "dependencies": [
            "azurerm_resource_group.rg",
            "azurerm_virtual_network.vnet"
          ]
        }
      ]
    },
    {
      "mode": "managed",
      "type": "azurerm_subnet_route_table_association",
      "name": "rt-associa-2",
      "provider": "provider.azurerm",
      "instances": [
        {
          "schema_version": 0,
          "attributes": {
            "id": "/subscriptions/60c7e748-af46-4ad0-bcdf-0c518aa20c9c/resourceGroups/rg-devwks3050/providers/Microsoft.Network/virtualNetworks/vnet-devwks3050/subnets/subnet-inside-devwks3050",
            "route_table_id": "/subscriptions/60c7e748-af46-4ad0-bcdf-0c518aa20c9c/resourceGroups/rg-devwks3050/providers/Microsoft.Network/routeTables/devwks3050-RT-Subnet2",
            "subnet_id": "/subscriptions/60c7e748-af46-4ad0-bcdf-0c518aa20c9c/resourceGroups/rg-devwks3050/providers/Microsoft.Network/virtualNetworks/vnet-devwks3050/subnets/subnet-inside-devwks3050",
            "timeouts": null
          },
          "private": "eyJlMmJmYjczMC1lY2FhLTExZTYtOGY4OC0zNDM2M2JjN2M0YzAiOnsiY3JlYXRlIjoxODAwMDAwMDAwMDAwLCJkZWxldGUiOjE4MDAwMDAwMDAwMDAsInJlYWQiOjMwMDAwMDAwMDAwMCwidXBkYXRlIjoxODAwMDAwMDAwMDAwfX0=",
          "dependencies": [
            "azurerm_network_interface.nicinsidehost",
            "azurerm_resource_group.rg",
            "azurerm_route_table.FTD_NIC2",
            "azurerm_subnet.insidesubnet",
            "azurerm_virtual_network.vnet"
          ]
        }
      ]
    },
    {
      "mode": "managed",
      "type": "azurerm_subnet_route_table_association",
      "name": "rt-associa-3",
      "provider": "provider.azurerm",
      "instances": [
        {
          "schema_version": 0,
          "attributes": {
            "id": "/subscriptions/60c7e748-af46-4ad0-bcdf-0c518aa20c9c/resourceGroups/rg-devwks3050/providers/Microsoft.Network/virtualNetworks/vnet-devwks3050/subnets/subnet-outside-devwks3050",
            "route_table_id": "/subscriptions/60c7e748-af46-4ad0-bcdf-0c518aa20c9c/resourceGroups/rg-devwks3050/providers/Microsoft.Network/routeTables/devwks3050-RT-Subnet3",
            "subnet_id": "/subscriptions/60c7e748-af46-4ad0-bcdf-0c518aa20c9c/resourceGroups/rg-devwks3050/providers/Microsoft.Network/virtualNetworks/vnet-devwks3050/subnets/subnet-outside-devwks3050",
            "timeouts": null
          },
          "private": "eyJlMmJmYjczMC1lY2FhLTExZTYtOGY4OC0zNDM2M2JjN2M0YzAiOnsiY3JlYXRlIjoxODAwMDAwMDAwMDAwLCJkZWxldGUiOjE4MDAwMDAwMDAwMDAsInJlYWQiOjMwMDAwMDAwMDAwMCwidXBkYXRlIjoxODAwMDAwMDAwMDAwfX0=",
          "dependencies": [
            "azurerm_network_interface.nicoutsideftd",
            "azurerm_resource_group.rg",
            "azurerm_route_table.FTD_NIC3",
            "azurerm_subnet.outsidesubnet",
            "azurerm_virtual_network.vnet"
          ]
        }
      ]
    },
    {
      "mode": "managed",
      "type": "azurerm_virtual_network",
      "name": "vnet",
      "provider": "provider.azurerm",
      "instances": [
        {
          "schema_version": 0,
          "attributes": {
            "address_space": [
              "10.121.0.0/16"
            ],
            "bgp_community": "",
            "ddos_protection_plan": [],
            "dns_servers": null,
            "guid": "e2fc0de3-9316-4302-bdf1-027ca81ea367",
            "id": "/subscriptions/60c7e748-af46-4ad0-bcdf-0c518aa20c9c/resourceGroups/rg-devwks3050/providers/Microsoft.Network/virtualNetworks/vnet-devwks3050",
            "location": "eastus",
            "name": "vnet-devwks3050",
            "resource_group_name": "rg-devwks3050",
            "subnet": [],
            "tags": null,
            "timeouts": null,
            "vm_protection_enabled": false
          },
          "private": "eyJlMmJmYjczMC1lY2FhLTExZTYtOGY4OC0zNDM2M2JjN2M0YzAiOnsiY3JlYXRlIjoxODAwMDAwMDAwMDAwLCJkZWxldGUiOjE4MDAwMDAwMDAwMDAsInJlYWQiOjMwMDAwMDAwMDAwMCwidXBkYXRlIjoxODAwMDAwMDAwMDAwfX0=",
          "dependencies": [
            "azurerm_resource_group.rg"
          ]
        }
      ]
    },
    {
      "mode": "managed",
      "type": "azurerm_virtual_network_peering",
      "name": "peer_fmc_to_vnet",
      "provider": "provider.azurerm",
      "instances": [
        {
          "schema_version": 0,
          "attributes": {
            "allow_forwarded_traffic": false,
            "allow_gateway_transit": false,
            "allow_virtual_network_access": true,
            "id": "/subscriptions/60c7e748-af46-4ad0-bcdf-0c518aa20c9c/resourceGroups/clus-fmc/providers/Microsoft.Network/virtualNetworks/vnet01/virtualNetworkPeerings/peer-vnet-a-with-b",
            "name": "peer-vnet-a-with-b",
            "remote_virtual_network_id": "/subscriptions/60c7e748-af46-4ad0-bcdf-0c518aa20c9c/resourceGroups/rg-devwks3050/providers/Microsoft.Network/virtualNetworks/vnet-devwks3050",
            "resource_group_name": "clus-fmc",
            "timeouts": null,
            "use_remote_gateways": false,
            "virtual_network_name": "vnet01"
          },
          "private": "eyJlMmJmYjczMC1lY2FhLTExZTYtOGY4OC0zNDM2M2JjN2M0YzAiOnsiY3JlYXRlIjoxODAwMDAwMDAwMDAwLCJkZWxldGUiOjE4MDAwMDAwMDAwMDAsInJlYWQiOjMwMDAwMDAwMDAwMCwidXBkYXRlIjoxODAwMDAwMDAwMDAwfX0=",
          "dependencies": [
            "azurerm_resource_group.rg",
            "azurerm_virtual_network.vnet"
          ]
        }
      ]
    },
    {
      "mode": "managed",
      "type": "azurerm_virtual_network_peering",
      "name": "peer_vnet_to_fmc",
      "each": "list",
      "provider": "provider.azurerm",
      "instances": [
        {
          "index_key": 0,
          "schema_version": 0,
          "attributes": {
            "allow_forwarded_traffic": false,
            "allow_gateway_transit": false,
            "allow_virtual_network_access": true,
            "id": "/subscriptions/60c7e748-af46-4ad0-bcdf-0c518aa20c9c/resourceGroups/rg-devwks3050/providers/Microsoft.Network/virtualNetworks/vnet-devwks3050/virtualNetworkPeerings/peer-vnet-b-with-a",
            "name": "peer-vnet-b-with-a",
            "remote_virtual_network_id": "/subscriptions/60c7e748-af46-4ad0-bcdf-0c518aa20c9c/resourceGroups/clus-fmc/providers/Microsoft.Network/virtualNetworks/vnet01",
            "resource_group_name": "rg-devwks3050",
            "timeouts": null,
            "use_remote_gateways": false,
            "virtual_network_name": "vnet-devwks3050"
          },
          "private": "eyJlMmJmYjczMC1lY2FhLTExZTYtOGY4OC0zNDM2M2JjN2M0YzAiOnsiY3JlYXRlIjoxODAwMDAwMDAwMDAwLCJkZWxldGUiOjE4MDAwMDAwMDAwMDAsInJlYWQiOjMwMDAwMDAwMDAwMCwidXBkYXRlIjoxODAwMDAwMDAwMDAwfX0=",
          "dependencies": [
            "azurerm_resource_group.rg",
            "azurerm_virtual_network.vnet",
            "azurerm_virtual_network_peering.peer_fmc_to_vnet"
          ]
        }
      ]
    },
    {
      "mode": "managed",
      "type": "tls_private_key",
      "name": "common",
      "provider": "provider.tls",
      "instances": [
        {
          "schema_version": 0,
          "attributes": {
            "algorithm": "RSA",
            "ecdsa_curve": "P224",
            "id": "192bfb692111ac29459c78983c8d6bb60acc11aa",
            "private_key_pem": "-----BEGIN RSA PRIVATE KEY-----\nMIIJKAIBAAKCAgEAurh3Ns/bD3jPGfqrcNskSD3N4ymkdMLWoU2/aSkX5Has78+l\n6ujJzOX00T5PBBBEUZn67QpVDSxz6zyw8lQFWgK7jPmia01hW4g33INxFSwAIOCt\nUKUpuDl8H2/9+nRGLhCoekoBpCIqVu8EF1LXOw0Yi95IJPGSa6abDbI/3vcMj48u\n3y18f09g7m/sQ8aDkhAyMI2LsyJP4XLWckdyr4UmmLO26E3fQjnV+ouAG8nCDIrt\nQAY5TlFKeSaT2wFMmx2FJYPIeBU/h8kUAhH5YIwP6rOpu8hSDVvwyE2/Dy+Wmq6t\nPVr9WmMoh0cA6EAVuCKAnxHvO+hZ0pkIw90tJ5hzjeRnI6Mhgs17tQvkpv0tJZVS\nH+pyEPxLIdcglwWPcZW2hm4R/27pu06RIZJM6bY3vXOdLNEzsdtgps938dnoPmQC\nk12s8jqwzCL6CmH4sb+ChyLFca52RLQGPZICDwz6ucfu9UMVuqxSafEqYokwSMlf\nf5IQpn6C824z/PmuDM0NgTmVszzr1gOp5Vk6nlcv+uDuRey4hWlkAwL8NMzo6M53\nWZt+flYsIFht6EziMDYtv+3GrGL5zokmQ3pyK3Xj55we44UH6cXW3RtWB8adB4a4\nafOBThFR5wF8E/cTs5qBqk5BkE2px2bKO7eS0GtQGbpIz81dosz57AI8aa8CAwEA\nAQKCAgEArL4yFHSSDqtOtpMw/tTOqUL8cle5PQhwdoSuPAT3hLbCYY5yynQZFkX8\ni4Sgp3rBKdlRyvDPJMPmblAUx+wxk0eJ6e+dcrYBByRrwcec2+B8Me6KiVxzz2rn\nSVJb3tSphL6Gj7Rd9lJhZ1HzL/zFAG2qMuQvTHZtZsiZFD+/VXCrnzjxPSogzstK\nOu0y4LUMThpLxJ1/C/gHfOS4PruY/4co4QcKhbpdfTBypTtgBtVOgDobKitX4vvT\n8WdeTLPUAoF6B+32jhniT6YYq52jX83Uf+c9dWvrdU6E4VsEEnGNXIeT4HqIf5HT\nEev/i96V+Wd6JS/7ayoXx30rHcFGnpDCs3+lEDLMhOF1IA/Jq3BpzDn7JR3GXd4k\nu8YyA0kRvMYRGFC3JAh6NH8MV8OeyickX2aMMm63znMEpYgDtyXaueOOmoVdwyII\ndOE97dfmPV7DR4qgHr6Moo3/UK3sQdktMIoMsof5PxJKU798WoQpyZ0q3AMpikTE\n1zP8XEunVk+CVdYCrRiWgOY0/YzoxdvMC62FRxmAh1m/UMyYlgxeYLyaoJKLNYr3\nX7Z+YbSVEXQW0d6F2IMin2/HZ0FFZl9oLhgTWK40mTtQgFAJB0TB5OzmHWjrqICa\npRZq4D/iMq2/SBYwRmndtH2/z1FGw0g8T4BHikhQBugSOxf5qMkCggEBAMy2YEGR\nmeayjFFGsHYV2Hhhg3IT6Gz8i1n4u2M/8MjBvIkaek9HtfewXEWiECYnyXWDtxJ9\nNl7je7q7PXhZwEBw/YRIyDcoRgyGh7Qq/gLyDV4QMprsglm1QF84MXlmD9Uv6ZuD\n9pzg9hUSMBLm/AK2HzyyXsMUIWE+/+zhYmrqZLLMiyKwsvTn6CdNKyUmRY51I6uE\nCvx0HAVOkrbEOkRA6Qb0wrKQTu2GQ7Hyq4aKoVucLR2UpJXDEjdAZZaNWM2YClTF\nOE/8y/DjXpRpCotJtmuLo+Rp3KMBzuBAhlL1nkjlFkUxoLKVHEgTSoSiqNBw/lVk\npxNWyuJ2VpWG9M0CggEBAOmAJgnsKnHEpYTovqkhSrhv2wVbNetzgVm9F8ij7mMe\n18c3nFuX0tSH58nnlBwtYJMyEMvKEtD3jTmf6FWwlUfMoxhgxE5pyHl98/MIscvC\n8xz4r37Xvh4maxggld0DLFF9H+9tJlxrNrzH6IXcgQJmOcjITDNdOHuxECIBxpmb\nzYiXZvdHwVFcZFWgRZw8szBT4yFDJXcNRysY5yAPhKk96ydWSNgAA/PX9MkLYEv8\nbK/DHzXitxJxA1qDEvlPhEjanwU3EYB5FExf76oe/xLUPItrWtA2nlVkd81Cq1Dv\n4pe/cB5s5RzkyVY4HihCeUsHvkCypX7B7T4HnyBkeGsCggEAY2ZSysO2JOyhcX2P\nhWcKGznOJ4A/JVxjFabO5lxPwEtCDpiKtyAs3T4HL9CHYt+C1MrGA/ZEhkKS+5Kb\nQGrkDOZQUwE8Jnwptz9DeVo+yJNbpkbbK5qXmJOH1DRm4XmLSorfNaIYBwi8tHKG\nYUdDKtXfyQsbNEH8C0oZ3p15ukxh5Oeoz4lY+833Tc4MmxdAQvHiBhAxfW+rg3Ap\nkREq8aVLAROrziSADplZGXipjMSXoPHufiSE3itAFw/vw/CSJBIlQhAZTc2EAU2F\nyS5P7l42c3X0eJ5mgcgI+Z6bGoElAGQsMiDs1InOl7i2QDzzF3MmK7SZ46wLC3dG\nh4hmKQKCAQBJvplE5Pt6ttp3oXIlxEfu/BS2GlprJC2kA95xFaUCVQlc96lAHDEP\nwmRoFeVnCMXJdzRqyEUtDiHiIyijd4OOC4ku99DH2wzfofHbvdE5Qza43am/a6+1\nofiMxC3QgWIL0nK1kUleQtYkxRYgwMVV1qdFTE0Uo8pk9kTcGKd6eARvsTFpw5XA\ndmeRy25wq5MEHlpLdQNuGBlz+Qd1zrDdKpsL72pOHaMh7gB3RkqBdRV2ZS+EOzgK\ncPrYKTFi38Qtpi423W9/nb3VaS8uEWAJuFHuzlb+D2HuIi7b+sRUaY6s0l88nLO3\nbmJQAqUzndrk4Wsqz8EIyYJ95rZQ6qpFAoIBADIDyiob9vN9SKA5Q1oowkJIU45f\nnJCg230oVhX0VcYzF6CZ4NV6oPbMi0Yxhay2lCGuGrCB1v7BtPl6TDJi2pUMVRrH\nbEDRsPiR9al+mIZjY3o0iOihKFSsxOoj3S4w4SnQjFZBsG6oCcQvz46B+1AZSJ+Y\nI3E5zNpemacMWAyTADBM49XnSVv5bS5zTcG/+YK7RZz1AhDl2qIhEyi6eRoWCHwB\nH/1RnvMZECjyCoDF0hYnlvgGd2JG4aGLeNTwnMz8jTf0SdXxM6/nnTKV1nbtxAfL\nKCbpm0cyuSCHNxNo2bnG2fXsd2vZBnta+IYth8nAA/YtG+QGlw+9Desv7y0=\n-----END RSA PRIVATE KEY-----\n",
            "public_key_fingerprint_md5": "a7:60:8c:40:74:1d:f2:87:15:e3:d2:44:87:c1:5e:45",
            "public_key_openssh": "ssh-rsa AAAAB3NzaC1yc2EAAAADAQABAAACAQC6uHc2z9sPeM8Z+qtw2yRIPc3jKaR0wtahTb9pKRfkdqzvz6Xq6MnM5fTRPk8EEERRmfrtClUNLHPrPLDyVAVaAruM+aJrTWFbiDfcg3EVLAAg4K1QpSm4OXwfb/36dEYuEKh6SgGkIipW7wQXUtc7DRiL3kgk8ZJrppsNsj/e9wyPjy7fLXx/T2Dub+xDxoOSEDIwjYuzIk/hctZyR3KvhSaYs7boTd9COdX6i4AbycIMiu1ABjlOUUp5JpPbAUybHYUlg8h4FT+HyRQCEflgjA/qs6m7yFINW/DITb8PL5aarq09Wv1aYyiHRwDoQBW4IoCfEe876FnSmQjD3S0nmHON5GcjoyGCzXu1C+Sm/S0llVIf6nIQ/Esh1yCXBY9xlbaGbhH/bum7TpEhkkzptje9c50s0TOx22Cmz3fx2eg+ZAKTXazyOrDMIvoKYfixv4KHIsVxrnZEtAY9kgIPDPq5x+71QxW6rFJp8SpiiTBIyV9/khCmfoLzbjP8+a4MzQ2BOZWzPOvWA6nlWTqeVy/64O5F7LiFaWQDAvw0zOjozndZm35+ViwgWG3oTOIwNi2/7casYvnOiSZDenIrdePnnB7jhQfpxdbdG1YHxp0Hhrhp84FOEVHnAXwT9xOzmoGqTkGQTanHZso7t5LQa1AZukjPzV2izPnsAjxprw==\n",
            "public_key_pem": "-----BEGIN PUBLIC KEY-----\nMIICIjANBgkqhkiG9w0BAQEFAAOCAg8AMIICCgKCAgEAurh3Ns/bD3jPGfqrcNsk\nSD3N4ymkdMLWoU2/aSkX5Has78+l6ujJzOX00T5PBBBEUZn67QpVDSxz6zyw8lQF\nWgK7jPmia01hW4g33INxFSwAIOCtUKUpuDl8H2/9+nRGLhCoekoBpCIqVu8EF1LX\nOw0Yi95IJPGSa6abDbI/3vcMj48u3y18f09g7m/sQ8aDkhAyMI2LsyJP4XLWckdy\nr4UmmLO26E3fQjnV+ouAG8nCDIrtQAY5TlFKeSaT2wFMmx2FJYPIeBU/h8kUAhH5\nYIwP6rOpu8hSDVvwyE2/Dy+Wmq6tPVr9WmMoh0cA6EAVuCKAnxHvO+hZ0pkIw90t\nJ5hzjeRnI6Mhgs17tQvkpv0tJZVSH+pyEPxLIdcglwWPcZW2hm4R/27pu06RIZJM\n6bY3vXOdLNEzsdtgps938dnoPmQCk12s8jqwzCL6CmH4sb+ChyLFca52RLQGPZIC\nDwz6ucfu9UMVuqxSafEqYokwSMlff5IQpn6C824z/PmuDM0NgTmVszzr1gOp5Vk6\nnlcv+uDuRey4hWlkAwL8NMzo6M53WZt+flYsIFht6EziMDYtv+3GrGL5zokmQ3py\nK3Xj55we44UH6cXW3RtWB8adB4a4afOBThFR5wF8E/cTs5qBqk5BkE2px2bKO7eS\n0GtQGbpIz81dosz57AI8aa8CAwEAAQ==\n-----END PUBLIC KEY-----\n",
            "rsa_bits": 4096
          },
          "private": "bnVsbA=="
        }
      ]
    }
  ]
}
